// !$*UTF8*$!
{
	archiveVersion = 1;
	classes = {
	};
	objectVersion = 45;
	objects = {

/* Begin PBXBuildFile section */
		1D3623260D0F684500981E51 /* RDictAppDelegate.m in Sources */ = {isa = PBXBuildFile; fileRef = 1D3623250D0F684500981E51 /* RDictAppDelegate.m */; };
		1D60589B0D05DD56006BFB54 /* main.m in Sources */ = {isa = PBXBuildFile; fileRef = 29B97316FDCFA39411CA2CEA /* main.m */; };
		1D60589F0D05DD5A006BFB54 /* Foundation.framework in Frameworks */ = {isa = PBXBuildFile; fileRef = 1D30AB110D05D00D00671497 /* Foundation.framework */; };
		1DF5F4E00D08C38300B7A737 /* UIKit.framework in Frameworks */ = {isa = PBXBuildFile; fileRef = 1DF5F4DF0D08C38300B7A737 /* UIKit.framework */; };
		288765FD0DF74451002DB57D /* CoreGraphics.framework in Frameworks */ = {isa = PBXBuildFile; fileRef = 288765FC0DF74451002DB57D /* CoreGraphics.framework */; };
		EF1FAF4D0FEE87CE0085BB49 /* UnitTests-Info.plist in Resources */ = {isa = PBXBuildFile; fileRef = EF2E754F0FE9BBB0008B8AEC /* UnitTests-Info.plist */; };
		EF2E744A0FE866BE008B8AEC /* libsqlite3.dylib in Frameworks */ = {isa = PBXBuildFile; fileRef = EF2E73170FE86454008B8AEC /* libsqlite3.dylib */; };
		EF2E74AF0FE9B2B9008B8AEC /* NSData-SQLitePersistence.m in Sources */ = {isa = PBXBuildFile; fileRef = EF2E74900FE9B2B8008B8AEC /* NSData-SQLitePersistence.m */; };
		EF2E74B00FE9B2B9008B8AEC /* NSDate-SQLitePersistence.m in Sources */ = {isa = PBXBuildFile; fileRef = EF2E74920FE9B2B8008B8AEC /* NSDate-SQLitePersistence.m */; };
		EF2E74B10FE9B2B9008B8AEC /* NSMutableArray-MultipleSort.m in Sources */ = {isa = PBXBuildFile; fileRef = EF2E74940FE9B2B8008B8AEC /* NSMutableArray-MultipleSort.m */; };
		EF2E74B20FE9B2B9008B8AEC /* NSMutableData-SQLitePersistence.m in Sources */ = {isa = PBXBuildFile; fileRef = EF2E74960FE9B2B8008B8AEC /* NSMutableData-SQLitePersistence.m */; };
		EF2E74B30FE9B2B9008B8AEC /* NSNumber-SQLitePersistence.m in Sources */ = {isa = PBXBuildFile; fileRef = EF2E74980FE9B2B8008B8AEC /* NSNumber-SQLitePersistence.m */; };
		EF2E74B40FE9B2B9008B8AEC /* NSObject-ClassName.m in Sources */ = {isa = PBXBuildFile; fileRef = EF2E749A0FE9B2B8008B8AEC /* NSObject-ClassName.m */; };
		EF2E74B50FE9B2B9008B8AEC /* NSObject-MissingKV.m in Sources */ = {isa = PBXBuildFile; fileRef = EF2E749C0FE9B2B8008B8AEC /* NSObject-MissingKV.m */; };
		EF2E74B60FE9B2B9008B8AEC /* NSObject-SQLitePersistence.m in Sources */ = {isa = PBXBuildFile; fileRef = EF2E749E0FE9B2B8008B8AEC /* NSObject-SQLitePersistence.m */; };
		EF2E74B70FE9B2B9008B8AEC /* NSString-NumberStuff.m in Sources */ = {isa = PBXBuildFile; fileRef = EF2E74A00FE9B2B8008B8AEC /* NSString-NumberStuff.m */; };
		EF2E74B80FE9B2B9008B8AEC /* NSString-SQLiteColumnName.m in Sources */ = {isa = PBXBuildFile; fileRef = EF2E74A20FE9B2B8008B8AEC /* NSString-SQLiteColumnName.m */; };
		EF2E74B90FE9B2B9008B8AEC /* NSString-SQLitePersistence.m in Sources */ = {isa = PBXBuildFile; fileRef = EF2E74A40FE9B2B8008B8AEC /* NSString-SQLitePersistence.m */; };
		EF2E74BA0FE9B2B9008B8AEC /* NSString-UppercaseFirst.m in Sources */ = {isa = PBXBuildFile; fileRef = EF2E74A60FE9B2B8008B8AEC /* NSString-UppercaseFirst.m */; };
		EF2E74BB0FE9B2B9008B8AEC /* SQLiteInstanceManager.m in Sources */ = {isa = PBXBuildFile; fileRef = EF2E74A80FE9B2B9008B8AEC /* SQLiteInstanceManager.m */; };
		EF2E74BC0FE9B2B9008B8AEC /* SQLitePersistentObject.m in Sources */ = {isa = PBXBuildFile; fileRef = EF2E74AA0FE9B2B9008B8AEC /* SQLitePersistentObject.m */; };
		EF2E74BD0FE9B2B9008B8AEC /* UIColor-SQLitePersistentObject.m in Sources */ = {isa = PBXBuildFile; fileRef = EF2E74AC0FE9B2B9008B8AEC /* UIColor-SQLitePersistentObject.m */; };
		EF2E74BE0FE9B2B9008B8AEC /* UIImage-SQLitePersistence.m in Sources */ = {isa = PBXBuildFile; fileRef = EF2E74AE0FE9B2B9008B8AEC /* UIImage-SQLitePersistence.m */; };
		EF2E74BF0FE9B2B9008B8AEC /* NSData-SQLitePersistence.m in Sources */ = {isa = PBXBuildFile; fileRef = EF2E74900FE9B2B8008B8AEC /* NSData-SQLitePersistence.m */; };
		EF2E74C00FE9B2B9008B8AEC /* NSDate-SQLitePersistence.m in Sources */ = {isa = PBXBuildFile; fileRef = EF2E74920FE9B2B8008B8AEC /* NSDate-SQLitePersistence.m */; };
		EF2E74C10FE9B2B9008B8AEC /* NSMutableArray-MultipleSort.m in Sources */ = {isa = PBXBuildFile; fileRef = EF2E74940FE9B2B8008B8AEC /* NSMutableArray-MultipleSort.m */; };
		EF2E74C20FE9B2B9008B8AEC /* NSMutableData-SQLitePersistence.m in Sources */ = {isa = PBXBuildFile; fileRef = EF2E74960FE9B2B8008B8AEC /* NSMutableData-SQLitePersistence.m */; };
		EF2E74C30FE9B2B9008B8AEC /* NSNumber-SQLitePersistence.m in Sources */ = {isa = PBXBuildFile; fileRef = EF2E74980FE9B2B8008B8AEC /* NSNumber-SQLitePersistence.m */; };
		EF2E74C40FE9B2B9008B8AEC /* NSObject-ClassName.m in Sources */ = {isa = PBXBuildFile; fileRef = EF2E749A0FE9B2B8008B8AEC /* NSObject-ClassName.m */; };
		EF2E74C50FE9B2B9008B8AEC /* NSObject-MissingKV.m in Sources */ = {isa = PBXBuildFile; fileRef = EF2E749C0FE9B2B8008B8AEC /* NSObject-MissingKV.m */; };
		EF2E74C60FE9B2B9008B8AEC /* NSObject-SQLitePersistence.m in Sources */ = {isa = PBXBuildFile; fileRef = EF2E749E0FE9B2B8008B8AEC /* NSObject-SQLitePersistence.m */; };
		EF2E74C70FE9B2B9008B8AEC /* NSString-NumberStuff.m in Sources */ = {isa = PBXBuildFile; fileRef = EF2E74A00FE9B2B8008B8AEC /* NSString-NumberStuff.m */; };
		EF2E74C80FE9B2B9008B8AEC /* NSString-SQLiteColumnName.m in Sources */ = {isa = PBXBuildFile; fileRef = EF2E74A20FE9B2B8008B8AEC /* NSString-SQLiteColumnName.m */; };
		EF2E74C90FE9B2B9008B8AEC /* NSString-SQLitePersistence.m in Sources */ = {isa = PBXBuildFile; fileRef = EF2E74A40FE9B2B8008B8AEC /* NSString-SQLitePersistence.m */; };
		EF2E74CA0FE9B2B9008B8AEC /* NSString-UppercaseFirst.m in Sources */ = {isa = PBXBuildFile; fileRef = EF2E74A60FE9B2B8008B8AEC /* NSString-UppercaseFirst.m */; };
		EF2E74CB0FE9B2B9008B8AEC /* SQLiteInstanceManager.m in Sources */ = {isa = PBXBuildFile; fileRef = EF2E74A80FE9B2B9008B8AEC /* SQLiteInstanceManager.m */; };
		EF2E74CC0FE9B2B9008B8AEC /* SQLitePersistentObject.m in Sources */ = {isa = PBXBuildFile; fileRef = EF2E74AA0FE9B2B9008B8AEC /* SQLitePersistentObject.m */; };
		EF2E74CD0FE9B2B9008B8AEC /* UIColor-SQLitePersistentObject.m in Sources */ = {isa = PBXBuildFile; fileRef = EF2E74AC0FE9B2B9008B8AEC /* UIColor-SQLitePersistentObject.m */; };
		EF2E74CE0FE9B2B9008B8AEC /* UIImage-SQLitePersistence.m in Sources */ = {isa = PBXBuildFile; fileRef = EF2E74AE0FE9B2B9008B8AEC /* UIImage-SQLitePersistence.m */; };
		EF2E74D00FE9B2E1008B8AEC /* CardPersistenceTest.m in Sources */ = {isa = PBXBuildFile; fileRef = EF2E74CF0FE9B2E1008B8AEC /* CardPersistenceTest.m */; };
		EF2E74D30FE9B2F9008B8AEC /* Card.m in Sources */ = {isa = PBXBuildFile; fileRef = EF2E74D20FE9B2F9008B8AEC /* Card.m */; };
		EF2E74D40FE9B2F9008B8AEC /* Card.m in Sources */ = {isa = PBXBuildFile; fileRef = EF2E74D20FE9B2F9008B8AEC /* Card.m */; };
		EF2E75280FE9B856008B8AEC /* libsqlite3.dylib in Frameworks */ = {isa = PBXBuildFile; fileRef = EF2E73170FE86454008B8AEC /* libsqlite3.dylib */; };
		EF2E75500FE9BBB0008B8AEC /* CardFrontView.xib in Resources */ = {isa = PBXBuildFile; fileRef = EF2E75470FE9BBB0008B8AEC /* CardFrontView.xib */; };
		EF2E75510FE9BBB0008B8AEC /* dictionary_view.html in Resources */ = {isa = PBXBuildFile; fileRef = EF2E75480FE9BBB0008B8AEC /* dictionary_view.html */; };
		EF2E75520FE9BBB0008B8AEC /* DictionaryView.xib in Resources */ = {isa = PBXBuildFile; fileRef = EF2E75490FE9BBB0008B8AEC /* DictionaryView.xib */; };
		EF2E75530FE9BBB0008B8AEC /* jquery-1.3.2.min.js in Resources */ = {isa = PBXBuildFile; fileRef = EF2E754A0FE9BBB0008B8AEC /* jquery-1.3.2.min.js */; };
		EF2E75540FE9BBB0008B8AEC /* MainWindow.xib in Resources */ = {isa = PBXBuildFile; fileRef = EF2E754B0FE9BBB0008B8AEC /* MainWindow.xib */; };
		EF2E75550FE9BBB0008B8AEC /* RDict-Info.plist in Resources */ = {isa = PBXBuildFile; fileRef = EF2E754C0FE9BBB0008B8AEC /* RDict-Info.plist */; };
		EF2E75560FE9BBB0008B8AEC /* ReviewView.xib in Resources */ = {isa = PBXBuildFile; fileRef = EF2E754D0FE9BBB0008B8AEC /* ReviewView.xib */; };
		EF2E75570FE9BBB0008B8AEC /* SearchView.xib in Resources */ = {isa = PBXBuildFile; fileRef = EF2E754E0FE9BBB0008B8AEC /* SearchView.xib */; };
		EF2E75590FE9BBBB008B8AEC /* dictionary_view.html in Resources */ = {isa = PBXBuildFile; fileRef = EF2E75480FE9BBB0008B8AEC /* dictionary_view.html */; };
		EF2E75680FE9BFCA008B8AEC /* CardBackView.xib in Resources */ = {isa = PBXBuildFile; fileRef = EF2E75670FE9BFCA008B8AEC /* CardBackView.xib */; };
		EF50C95D0FF6225F003F7CAD /* CardFrontViewController.m in Sources */ = {isa = PBXBuildFile; fileRef = EF50C95C0FF6225F003F7CAD /* CardFrontViewController.m */; };
		EF50C9600FF62267003F7CAD /* CardBackViewController.m in Sources */ = {isa = PBXBuildFile; fileRef = EF50C95F0FF62267003F7CAD /* CardBackViewController.m */; };
		EF770E840FF754D900889749 /* jquery-1.3.2.js in Resources */ = {isa = PBXBuildFile; fileRef = EF770E830FF754D900889749 /* jquery-1.3.2.js */; };
		EF7CB7CC0FF11BAE005B7FCD /* ReviewSessionController.m in Sources */ = {isa = PBXBuildFile; fileRef = EF7CB7CA0FF11BAE005B7FCD /* ReviewSessionController.m */; };
		EF7CB7EA0FF11DAB005B7FCD /* ReviewSessionView.xib in Resources */ = {isa = PBXBuildFile; fileRef = EF7CB7E90FF11DAB005B7FCD /* ReviewSessionView.xib */; };
		EFBF4A1D0FE001980092357C /* libtokyocabinet.a in Frameworks */ = {isa = PBXBuildFile; fileRef = EFEA07EB0FDFF50B00490192 /* libtokyocabinet.a */; };
		EFBF4A200FE001AB0092357C /* GTMIPhoneUnitTestDelegate.m in Sources */ = {isa = PBXBuildFile; fileRef = EF8D0B370FDFFFE800B093EB /* GTMIPhoneUnitTestDelegate.m */; };
		EFBF4A210FE001AB0092357C /* GTMIPhoneUnitTestMain.m in Sources */ = {isa = PBXBuildFile; fileRef = EF8D0B380FDFFFE800B093EB /* GTMIPhoneUnitTestMain.m */; };
		EFBF4A220FE001AB0092357C /* GTMSenTestCase.m in Sources */ = {isa = PBXBuildFile; fileRef = EF8D0B3A0FDFFFE800B093EB /* GTMSenTestCase.m */; };
		EFBF4A230FE001AB0092357C /* WiktionaryTest.m in Sources */ = {isa = PBXBuildFile; fileRef = EFEA08330FDFF61500490192 /* WiktionaryTest.m */; };
		EFBF4A2B0FE001DA0092357C /* Wiktionary.m in Sources */ = {isa = PBXBuildFile; fileRef = EFEA07CB0FDFF4EA00490192 /* Wiktionary.m */; };
		EFBF4A2C0FE001DA0092357C /* WordEntry.m in Sources */ = {isa = PBXBuildFile; fileRef = EFEA07CD0FDFF4EA00490192 /* WordEntry.m */; };
		EFBF4A2D0FE001DA0092357C /* WordIndex.m in Sources */ = {isa = PBXBuildFile; fileRef = EFEA07CF0FDFF4EA00490192 /* WordIndex.m */; };
		EFBF4A3C0FE002500092357C /* index.db in Resources */ = {isa = PBXBuildFile; fileRef = EFEA07F90FDFF53D00490192 /* index.db */; };
		EFBF4A3D0FE002500092357C /* word.db in Resources */ = {isa = PBXBuildFile; fileRef = EFEA07FA0FDFF53D00490192 /* word.db */; };
		EFEA07D00FDFF4EA00490192 /* DictionaryViewController.m in Sources */ = {isa = PBXBuildFile; fileRef = EFEA07C50FDFF4EA00490192 /* DictionaryViewController.m */; };
		EFEA07D10FDFF4EA00490192 /* ReviewViewController.m in Sources */ = {isa = PBXBuildFile; fileRef = EFEA07C70FDFF4EA00490192 /* ReviewViewController.m */; };
		EFEA07D20FDFF4EA00490192 /* SearchViewController.m in Sources */ = {isa = PBXBuildFile; fileRef = EFEA07C90FDFF4EA00490192 /* SearchViewController.m */; };
		EFEA07D30FDFF4EA00490192 /* Wiktionary.m in Sources */ = {isa = PBXBuildFile; fileRef = EFEA07CB0FDFF4EA00490192 /* Wiktionary.m */; };
		EFEA07D40FDFF4EA00490192 /* WordEntry.m in Sources */ = {isa = PBXBuildFile; fileRef = EFEA07CD0FDFF4EA00490192 /* WordEntry.m */; };
		EFEA07D50FDFF4EA00490192 /* WordIndex.m in Sources */ = {isa = PBXBuildFile; fileRef = EFEA07CF0FDFF4EA00490192 /* WordIndex.m */; };
		EFEA07EE0FDFF51700490192 /* myconf.c in Sources */ = {isa = PBXBuildFile; fileRef = EFEA07DA0FDFF4F900490192 /* myconf.c */; };
		EFEA07EF0FDFF51700490192 /* tchdb.c in Sources */ = {isa = PBXBuildFile; fileRef = EFEA07DE0FDFF4F900490192 /* tchdb.c */; };
		EFEA07F00FDFF51700490192 /* tcutil.c in Sources */ = {isa = PBXBuildFile; fileRef = EFEA07E00FDFF4F900490192 /* tcutil.c */; };
		EFEA07F10FDFF51700490192 /* tcbdb.c in Sources */ = {isa = PBXBuildFile; fileRef = EFEA07DC0FDFF4F900490192 /* tcbdb.c */; };
		EFEA07F20FDFF51700490192 /* md5.c in Sources */ = {isa = PBXBuildFile; fileRef = EFEA07D80FDFF4F900490192 /* md5.c */; };
		EFEA07F50FDFF52400490192 /* libtokyocabinet.a in Frameworks */ = {isa = PBXBuildFile; fileRef = EFEA07EB0FDFF50B00490192 /* libtokyocabinet.a */; };
		EFEA07FE0FDFF53D00490192 /* index.db in Resources */ = {isa = PBXBuildFile; fileRef = EFEA07F90FDFF53D00490192 /* index.db */; };
		EFEA07FF0FDFF53D00490192 /* word.db in Resources */ = {isa = PBXBuildFile; fileRef = EFEA07FA0FDFF53D00490192 /* word.db */; };
/* End PBXBuildFile section */

/* Begin PBXContainerItemProxy section */
		EF6D9EFC0FE564D30096BA53 /* PBXContainerItemProxy */ = {
			isa = PBXContainerItemProxy;
			containerPortal = 29B97313FDCFA39411CA2CEA /* Project object */;
			proxyType = 1;
			remoteGlobalIDString = EFBF4A160FE001900092357C;
			remoteInfo = UnitTests;
		};
		EFBF4A1E0FE001A10092357C /* PBXContainerItemProxy */ = {
			isa = PBXContainerItemProxy;
			containerPortal = 29B97313FDCFA39411CA2CEA /* Project object */;
			proxyType = 1;
			remoteGlobalIDString = EFEA07EA0FDFF50B00490192;
			remoteInfo = tokyocabinet;
		};
		EFEA07F30FDFF51D00490192 /* PBXContainerItemProxy */ = {
			isa = PBXContainerItemProxy;
			containerPortal = 29B97313FDCFA39411CA2CEA /* Project object */;
			proxyType = 1;
			remoteGlobalIDString = EFEA07EA0FDFF50B00490192;
			remoteInfo = tokyocabinet;
		};
/* End PBXContainerItemProxy section */

/* Begin PBXFileReference section */
		1D30AB110D05D00D00671497 /* Foundation.framework */ = {isa = PBXFileReference; lastKnownFileType = wrapper.framework; name = Foundation.framework; path = System/Library/Frameworks/Foundation.framework; sourceTree = SDKROOT; };
		1D3623240D0F684500981E51 /* RDictAppDelegate.h */ = {isa = PBXFileReference; fileEncoding = 4; lastKnownFileType = sourcecode.c.h; name = RDictAppDelegate.h; path = Classes/RDictAppDelegate.h; sourceTree = "<group>"; };
		1D3623250D0F684500981E51 /* RDictAppDelegate.m */ = {isa = PBXFileReference; fileEncoding = 4; lastKnownFileType = sourcecode.c.objc; name = RDictAppDelegate.m; path = Classes/RDictAppDelegate.m; sourceTree = "<group>"; };
		1D6058910D05DD3D006BFB54 /* RDict.app */ = {isa = PBXFileReference; explicitFileType = wrapper.application; includeInIndex = 0; path = RDict.app; sourceTree = BUILT_PRODUCTS_DIR; };
		1DF5F4DF0D08C38300B7A737 /* UIKit.framework */ = {isa = PBXFileReference; lastKnownFileType = wrapper.framework; name = UIKit.framework; path = System/Library/Frameworks/UIKit.framework; sourceTree = SDKROOT; };
		288765FC0DF74451002DB57D /* CoreGraphics.framework */ = {isa = PBXFileReference; lastKnownFileType = wrapper.framework; name = CoreGraphics.framework; path = System/Library/Frameworks/CoreGraphics.framework; sourceTree = SDKROOT; };
		29B97316FDCFA39411CA2CEA /* main.m */ = {isa = PBXFileReference; fileEncoding = 4; lastKnownFileType = sourcecode.c.objc; path = main.m; sourceTree = "<group>"; };
		32CA4F630368D1EE00C91783 /* RDict_Prefix.pch */ = {isa = PBXFileReference; fileEncoding = 4; lastKnownFileType = sourcecode.c.h; path = RDict_Prefix.pch; sourceTree = "<group>"; };
		EF2E73170FE86454008B8AEC /* libsqlite3.dylib */ = {isa = PBXFileReference; lastKnownFileType = "compiled.mach-o.dylib"; name = libsqlite3.dylib; path = usr/lib/libsqlite3.dylib; sourceTree = SDKROOT; };
		EF2E748F0FE9B2B8008B8AEC /* NSData-SQLitePersistence.h */ = {isa = PBXFileReference; fileEncoding = 4; lastKnownFileType = sourcecode.c.h; path = "NSData-SQLitePersistence.h"; sourceTree = "<group>"; };
		EF2E74900FE9B2B8008B8AEC /* NSData-SQLitePersistence.m */ = {isa = PBXFileReference; fileEncoding = 4; lastKnownFileType = sourcecode.c.objc; path = "NSData-SQLitePersistence.m"; sourceTree = "<group>"; };
		EF2E74910FE9B2B8008B8AEC /* NSDate-SQLitePersistence.h */ = {isa = PBXFileReference; fileEncoding = 4; lastKnownFileType = sourcecode.c.h; path = "NSDate-SQLitePersistence.h"; sourceTree = "<group>"; };
		EF2E74920FE9B2B8008B8AEC /* NSDate-SQLitePersistence.m */ = {isa = PBXFileReference; fileEncoding = 4; lastKnownFileType = sourcecode.c.objc; path = "NSDate-SQLitePersistence.m"; sourceTree = "<group>"; };
		EF2E74930FE9B2B8008B8AEC /* NSMutableArray-MultipleSort.h */ = {isa = PBXFileReference; fileEncoding = 4; lastKnownFileType = sourcecode.c.h; path = "NSMutableArray-MultipleSort.h"; sourceTree = "<group>"; };
		EF2E74940FE9B2B8008B8AEC /* NSMutableArray-MultipleSort.m */ = {isa = PBXFileReference; fileEncoding = 4; lastKnownFileType = sourcecode.c.objc; path = "NSMutableArray-MultipleSort.m"; sourceTree = "<group>"; };
		EF2E74950FE9B2B8008B8AEC /* NSMutableData-SQLitePersistence.h */ = {isa = PBXFileReference; fileEncoding = 4; lastKnownFileType = sourcecode.c.h; path = "NSMutableData-SQLitePersistence.h"; sourceTree = "<group>"; };
		EF2E74960FE9B2B8008B8AEC /* NSMutableData-SQLitePersistence.m */ = {isa = PBXFileReference; fileEncoding = 4; lastKnownFileType = sourcecode.c.objc; path = "NSMutableData-SQLitePersistence.m"; sourceTree = "<group>"; };
		EF2E74970FE9B2B8008B8AEC /* NSNumber-SQLitePersistence.h */ = {isa = PBXFileReference; fileEncoding = 4; lastKnownFileType = sourcecode.c.h; path = "NSNumber-SQLitePersistence.h"; sourceTree = "<group>"; };
		EF2E74980FE9B2B8008B8AEC /* NSNumber-SQLitePersistence.m */ = {isa = PBXFileReference; fileEncoding = 4; lastKnownFileType = sourcecode.c.objc; path = "NSNumber-SQLitePersistence.m"; sourceTree = "<group>"; };
		EF2E74990FE9B2B8008B8AEC /* NSObject-ClassName.h */ = {isa = PBXFileReference; fileEncoding = 4; lastKnownFileType = sourcecode.c.h; path = "NSObject-ClassName.h"; sourceTree = "<group>"; };
		EF2E749A0FE9B2B8008B8AEC /* NSObject-ClassName.m */ = {isa = PBXFileReference; fileEncoding = 4; lastKnownFileType = sourcecode.c.objc; path = "NSObject-ClassName.m"; sourceTree = "<group>"; };
		EF2E749B0FE9B2B8008B8AEC /* NSObject-MissingKV.h */ = {isa = PBXFileReference; fileEncoding = 4; lastKnownFileType = sourcecode.c.h; path = "NSObject-MissingKV.h"; sourceTree = "<group>"; };
		EF2E749C0FE9B2B8008B8AEC /* NSObject-MissingKV.m */ = {isa = PBXFileReference; fileEncoding = 4; lastKnownFileType = sourcecode.c.objc; path = "NSObject-MissingKV.m"; sourceTree = "<group>"; };
		EF2E749D0FE9B2B8008B8AEC /* NSObject-SQLitePersistence.h */ = {isa = PBXFileReference; fileEncoding = 4; lastKnownFileType = sourcecode.c.h; path = "NSObject-SQLitePersistence.h"; sourceTree = "<group>"; };
		EF2E749E0FE9B2B8008B8AEC /* NSObject-SQLitePersistence.m */ = {isa = PBXFileReference; fileEncoding = 4; lastKnownFileType = sourcecode.c.objc; path = "NSObject-SQLitePersistence.m"; sourceTree = "<group>"; };
		EF2E749F0FE9B2B8008B8AEC /* NSString-NumberStuff.h */ = {isa = PBXFileReference; fileEncoding = 4; lastKnownFileType = sourcecode.c.h; path = "NSString-NumberStuff.h"; sourceTree = "<group>"; };
		EF2E74A00FE9B2B8008B8AEC /* NSString-NumberStuff.m */ = {isa = PBXFileReference; fileEncoding = 4; lastKnownFileType = sourcecode.c.objc; path = "NSString-NumberStuff.m"; sourceTree = "<group>"; };
		EF2E74A10FE9B2B8008B8AEC /* NSString-SQLiteColumnName.h */ = {isa = PBXFileReference; fileEncoding = 4; lastKnownFileType = sourcecode.c.h; path = "NSString-SQLiteColumnName.h"; sourceTree = "<group>"; };
		EF2E74A20FE9B2B8008B8AEC /* NSString-SQLiteColumnName.m */ = {isa = PBXFileReference; fileEncoding = 4; lastKnownFileType = sourcecode.c.objc; path = "NSString-SQLiteColumnName.m"; sourceTree = "<group>"; };
		EF2E74A30FE9B2B8008B8AEC /* NSString-SQLitePersistence.h */ = {isa = PBXFileReference; fileEncoding = 4; lastKnownFileType = sourcecode.c.h; path = "NSString-SQLitePersistence.h"; sourceTree = "<group>"; };
		EF2E74A40FE9B2B8008B8AEC /* NSString-SQLitePersistence.m */ = {isa = PBXFileReference; fileEncoding = 4; lastKnownFileType = sourcecode.c.objc; path = "NSString-SQLitePersistence.m"; sourceTree = "<group>"; };
		EF2E74A50FE9B2B8008B8AEC /* NSString-UppercaseFirst.h */ = {isa = PBXFileReference; fileEncoding = 4; lastKnownFileType = sourcecode.c.h; path = "NSString-UppercaseFirst.h"; sourceTree = "<group>"; };
		EF2E74A60FE9B2B8008B8AEC /* NSString-UppercaseFirst.m */ = {isa = PBXFileReference; fileEncoding = 4; lastKnownFileType = sourcecode.c.objc; path = "NSString-UppercaseFirst.m"; sourceTree = "<group>"; };
		EF2E74A70FE9B2B9008B8AEC /* SQLiteInstanceManager.h */ = {isa = PBXFileReference; fileEncoding = 4; lastKnownFileType = sourcecode.c.h; path = SQLiteInstanceManager.h; sourceTree = "<group>"; };
		EF2E74A80FE9B2B9008B8AEC /* SQLiteInstanceManager.m */ = {isa = PBXFileReference; fileEncoding = 4; lastKnownFileType = sourcecode.c.objc; path = SQLiteInstanceManager.m; sourceTree = "<group>"; };
		EF2E74A90FE9B2B9008B8AEC /* SQLitePersistentObject.h */ = {isa = PBXFileReference; fileEncoding = 4; lastKnownFileType = sourcecode.c.h; path = SQLitePersistentObject.h; sourceTree = "<group>"; };
		EF2E74AA0FE9B2B9008B8AEC /* SQLitePersistentObject.m */ = {isa = PBXFileReference; fileEncoding = 4; lastKnownFileType = sourcecode.c.objc; path = SQLitePersistentObject.m; sourceTree = "<group>"; };
		EF2E74AB0FE9B2B9008B8AEC /* UIColor-SQLitePersistentObject.h */ = {isa = PBXFileReference; fileEncoding = 4; lastKnownFileType = sourcecode.c.h; path = "UIColor-SQLitePersistentObject.h"; sourceTree = "<group>"; };
		EF2E74AC0FE9B2B9008B8AEC /* UIColor-SQLitePersistentObject.m */ = {isa = PBXFileReference; fileEncoding = 4; lastKnownFileType = sourcecode.c.objc; path = "UIColor-SQLitePersistentObject.m"; sourceTree = "<group>"; };
		EF2E74AD0FE9B2B9008B8AEC /* UIImage-SQLitePersistence.h */ = {isa = PBXFileReference; fileEncoding = 4; lastKnownFileType = sourcecode.c.h; path = "UIImage-SQLitePersistence.h"; sourceTree = "<group>"; };
		EF2E74AE0FE9B2B9008B8AEC /* UIImage-SQLitePersistence.m */ = {isa = PBXFileReference; fileEncoding = 4; lastKnownFileType = sourcecode.c.objc; path = "UIImage-SQLitePersistence.m"; sourceTree = "<group>"; };
		EF2E74CF0FE9B2E1008B8AEC /* CardPersistenceTest.m */ = {isa = PBXFileReference; fileEncoding = 4; lastKnownFileType = sourcecode.c.objc; name = CardPersistenceTest.m; path = Tests/CardPersistenceTest.m; sourceTree = "<group>"; };
		EF2E74D10FE9B2F9008B8AEC /* Card.h */ = {isa = PBXFileReference; fileEncoding = 4; lastKnownFileType = sourcecode.c.h; path = Card.h; sourceTree = "<group>"; };
		EF2E74D20FE9B2F9008B8AEC /* Card.m */ = {isa = PBXFileReference; fileEncoding = 4; lastKnownFileType = sourcecode.c.objc; path = Card.m; sourceTree = "<group>"; };
		EF2E75470FE9BBB0008B8AEC /* CardFrontView.xib */ = {isa = PBXFileReference; lastKnownFileType = file.xib; name = CardFrontView.xib; path = Resources/CardFrontView.xib; sourceTree = "<group>"; };
		EF2E75480FE9BBB0008B8AEC /* dictionary_view.html */ = {isa = PBXFileReference; fileEncoding = 4; lastKnownFileType = text.html; name = dictionary_view.html; path = Resources/dictionary_view.html; sourceTree = "<group>"; };
		EF2E75490FE9BBB0008B8AEC /* DictionaryView.xib */ = {isa = PBXFileReference; lastKnownFileType = file.xib; name = DictionaryView.xib; path = Resources/DictionaryView.xib; sourceTree = "<group>"; };
		EF2E754A0FE9BBB0008B8AEC /* jquery-1.3.2.min.js */ = {isa = PBXFileReference; fileEncoding = 4; lastKnownFileType = sourcecode.javascript; name = "jquery-1.3.2.min.js"; path = "Resources/jquery-1.3.2.min.js"; sourceTree = "<group>"; };
		EF2E754B0FE9BBB0008B8AEC /* MainWindow.xib */ = {isa = PBXFileReference; lastKnownFileType = file.xib; name = MainWindow.xib; path = Resources/MainWindow.xib; sourceTree = "<group>"; };
		EF2E754C0FE9BBB0008B8AEC /* RDict-Info.plist */ = {isa = PBXFileReference; fileEncoding = 4; lastKnownFileType = text.plist.xml; path = "RDict-Info.plist"; sourceTree = "<group>"; };
		EF2E754D0FE9BBB0008B8AEC /* ReviewView.xib */ = {isa = PBXFileReference; lastKnownFileType = file.xib; name = ReviewView.xib; path = Resources/ReviewView.xib; sourceTree = "<group>"; };
		EF2E754E0FE9BBB0008B8AEC /* SearchView.xib */ = {isa = PBXFileReference; lastKnownFileType = file.xib; name = SearchView.xib; path = Resources/SearchView.xib; sourceTree = "<group>"; };
		EF2E754F0FE9BBB0008B8AEC /* UnitTests-Info.plist */ = {isa = PBXFileReference; fileEncoding = 4; lastKnownFileType = text.plist.xml; path = "UnitTests-Info.plist"; sourceTree = "<group>"; };
		EF2E75670FE9BFCA008B8AEC /* CardBackView.xib */ = {isa = PBXFileReference; lastKnownFileType = file.xib; name = CardBackView.xib; path = Resources/CardBackView.xib; sourceTree = "<group>"; };
		EF50C95B0FF6225F003F7CAD /* CardFrontViewController.h */ = {isa = PBXFileReference; fileEncoding = 4; lastKnownFileType = sourcecode.c.h; path = CardFrontViewController.h; sourceTree = "<group>"; };
		EF50C95C0FF6225F003F7CAD /* CardFrontViewController.m */ = {isa = PBXFileReference; fileEncoding = 4; lastKnownFileType = sourcecode.c.objc; path = CardFrontViewController.m; sourceTree = "<group>"; };
		EF50C95E0FF62267003F7CAD /* CardBackViewController.h */ = {isa = PBXFileReference; fileEncoding = 4; lastKnownFileType = sourcecode.c.h; path = CardBackViewController.h; sourceTree = "<group>"; };
		EF50C95F0FF62267003F7CAD /* CardBackViewController.m */ = {isa = PBXFileReference; fileEncoding = 4; lastKnownFileType = sourcecode.c.objc; path = CardBackViewController.m; sourceTree = "<group>"; };
		EF770E830FF754D900889749 /* jquery-1.3.2.js */ = {isa = PBXFileReference; fileEncoding = 4; lastKnownFileType = sourcecode.javascript; name = "jquery-1.3.2.js"; path = "Resources/jquery-1.3.2.js"; sourceTree = "<group>"; };
		EF7CB7C90FF11BAE005B7FCD /* ReviewSessionController.h */ = {isa = PBXFileReference; fileEncoding = 4; lastKnownFileType = sourcecode.c.h; name = ReviewSessionController.h; path = Classes/ReviewSessionController.h; sourceTree = "<group>"; };
		EF7CB7CA0FF11BAE005B7FCD /* ReviewSessionController.m */ = {isa = PBXFileReference; fileEncoding = 4; lastKnownFileType = sourcecode.c.objc; name = ReviewSessionController.m; path = Classes/ReviewSessionController.m; sourceTree = "<group>"; };
		EF7CB7E90FF11DAB005B7FCD /* ReviewSessionView.xib */ = {isa = PBXFileReference; lastKnownFileType = file.xib; name = ReviewSessionView.xib; path = Resources/ReviewSessionView.xib; sourceTree = "<group>"; };
		EF8D0B360FDFFFE800B093EB /* GTMIPhoneUnitTestDelegate.h */ = {isa = PBXFileReference; fileEncoding = 4; lastKnownFileType = sourcecode.c.h; name = GTMIPhoneUnitTestDelegate.h; path = "Extras/google-toolbox-for-mac-1-5-1/UnitTesting/GTMIPhoneUnitTestDelegate.h"; sourceTree = DEVELOPER_DIR; };
		EF8D0B370FDFFFE800B093EB /* GTMIPhoneUnitTestDelegate.m */ = {isa = PBXFileReference; fileEncoding = 4; lastKnownFileType = sourcecode.c.objc; name = GTMIPhoneUnitTestDelegate.m; path = "Extras/google-toolbox-for-mac-1-5-1/UnitTesting/GTMIPhoneUnitTestDelegate.m"; sourceTree = DEVELOPER_DIR; };
		EF8D0B380FDFFFE800B093EB /* GTMIPhoneUnitTestMain.m */ = {isa = PBXFileReference; fileEncoding = 4; lastKnownFileType = sourcecode.c.objc; name = GTMIPhoneUnitTestMain.m; path = "Extras/google-toolbox-for-mac-1-5-1/UnitTesting/GTMIPhoneUnitTestMain.m"; sourceTree = DEVELOPER_DIR; };
		EF8D0B390FDFFFE800B093EB /* GTMSenTestCase.h */ = {isa = PBXFileReference; fileEncoding = 4; lastKnownFileType = sourcecode.c.h; name = GTMSenTestCase.h; path = "Extras/google-toolbox-for-mac-1-5-1/UnitTesting/GTMSenTestCase.h"; sourceTree = DEVELOPER_DIR; };
		EF8D0B3A0FDFFFE800B093EB /* GTMSenTestCase.m */ = {isa = PBXFileReference; fileEncoding = 4; lastKnownFileType = sourcecode.c.objc; name = GTMSenTestCase.m; path = "Extras/google-toolbox-for-mac-1-5-1/UnitTesting/GTMSenTestCase.m"; sourceTree = DEVELOPER_DIR; };
		EF8D0B3B0FDFFFE800B093EB /* GTMDefines.h */ = {isa = PBXFileReference; fileEncoding = 4; lastKnownFileType = sourcecode.c.h; name = GTMDefines.h; path = "Extras/google-toolbox-for-mac-1-5-1/GTMDefines.h"; sourceTree = DEVELOPER_DIR; };
		EFBF4A170FE001900092357C /* UnitTests.app */ = {isa = PBXFileReference; explicitFileType = wrapper.application; includeInIndex = 0; path = UnitTests.app; sourceTree = BUILT_PRODUCTS_DIR; };
		EFEA07C40FDFF4EA00490192 /* DictionaryViewController.h */ = {isa = PBXFileReference; fileEncoding = 4; lastKnownFileType = sourcecode.c.h; name = DictionaryViewController.h; path = Classes/DictionaryViewController.h; sourceTree = "<group>"; };
		EFEA07C50FDFF4EA00490192 /* DictionaryViewController.m */ = {isa = PBXFileReference; fileEncoding = 4; lastKnownFileType = sourcecode.c.objc; name = DictionaryViewController.m; path = Classes/DictionaryViewController.m; sourceTree = "<group>"; };
		EFEA07C60FDFF4EA00490192 /* ReviewViewController.h */ = {isa = PBXFileReference; fileEncoding = 4; lastKnownFileType = sourcecode.c.h; name = ReviewViewController.h; path = Classes/ReviewViewController.h; sourceTree = "<group>"; };
		EFEA07C70FDFF4EA00490192 /* ReviewViewController.m */ = {isa = PBXFileReference; fileEncoding = 4; lastKnownFileType = sourcecode.c.objc; name = ReviewViewController.m; path = Classes/ReviewViewController.m; sourceTree = "<group>"; };
		EFEA07C80FDFF4EA00490192 /* SearchViewController.h */ = {isa = PBXFileReference; fileEncoding = 4; lastKnownFileType = sourcecode.c.h; name = SearchViewController.h; path = Classes/SearchViewController.h; sourceTree = "<group>"; };
		EFEA07C90FDFF4EA00490192 /* SearchViewController.m */ = {isa = PBXFileReference; fileEncoding = 4; lastKnownFileType = sourcecode.c.objc; name = SearchViewController.m; path = Classes/SearchViewController.m; sourceTree = "<group>"; };
		EFEA07CA0FDFF4EA00490192 /* Wiktionary.h */ = {isa = PBXFileReference; fileEncoding = 4; lastKnownFileType = sourcecode.c.h; path = Wiktionary.h; sourceTree = "<group>"; };
		EFEA07CB0FDFF4EA00490192 /* Wiktionary.m */ = {isa = PBXFileReference; fileEncoding = 4; lastKnownFileType = sourcecode.c.objc; path = Wiktionary.m; sourceTree = "<group>"; };
		EFEA07CC0FDFF4EA00490192 /* WordEntry.h */ = {isa = PBXFileReference; fileEncoding = 4; lastKnownFileType = sourcecode.c.h; path = WordEntry.h; sourceTree = "<group>"; };
		EFEA07CD0FDFF4EA00490192 /* WordEntry.m */ = {isa = PBXFileReference; fileEncoding = 4; lastKnownFileType = sourcecode.c.objc; path = WordEntry.m; sourceTree = "<group>"; };
		EFEA07CE0FDFF4EA00490192 /* WordIndex.h */ = {isa = PBXFileReference; fileEncoding = 4; lastKnownFileType = sourcecode.c.h; path = WordIndex.h; sourceTree = "<group>"; };
		EFEA07CF0FDFF4EA00490192 /* WordIndex.m */ = {isa = PBXFileReference; fileEncoding = 4; lastKnownFileType = sourcecode.c.objc; path = WordIndex.m; sourceTree = "<group>"; };
		EFEA07D80FDFF4F900490192 /* md5.c */ = {isa = PBXFileReference; fileEncoding = 4; lastKnownFileType = sourcecode.c.c; path = md5.c; sourceTree = "<group>"; };
		EFEA07D90FDFF4F900490192 /* md5.h */ = {isa = PBXFileReference; fileEncoding = 4; lastKnownFileType = sourcecode.c.h; path = md5.h; sourceTree = "<group>"; };
		EFEA07DA0FDFF4F900490192 /* myconf.c */ = {isa = PBXFileReference; fileEncoding = 4; lastKnownFileType = sourcecode.c.c; path = myconf.c; sourceTree = "<group>"; };
		EFEA07DB0FDFF4F900490192 /* myconf.h */ = {isa = PBXFileReference; fileEncoding = 4; lastKnownFileType = sourcecode.c.h; path = myconf.h; sourceTree = "<group>"; };
		EFEA07DC0FDFF4F900490192 /* tcbdb.c */ = {isa = PBXFileReference; fileEncoding = 4; lastKnownFileType = sourcecode.c.c; path = tcbdb.c; sourceTree = "<group>"; };
		EFEA07DD0FDFF4F900490192 /* tcbdb.h */ = {isa = PBXFileReference; fileEncoding = 4; lastKnownFileType = sourcecode.c.h; path = tcbdb.h; sourceTree = "<group>"; };
		EFEA07DE0FDFF4F900490192 /* tchdb.c */ = {isa = PBXFileReference; fileEncoding = 4; lastKnownFileType = sourcecode.c.c; path = tchdb.c; sourceTree = "<group>"; };
		EFEA07DF0FDFF4F900490192 /* tchdb.h */ = {isa = PBXFileReference; fileEncoding = 4; lastKnownFileType = sourcecode.c.h; path = tchdb.h; sourceTree = "<group>"; };
		EFEA07E00FDFF4F900490192 /* tcutil.c */ = {isa = PBXFileReference; fileEncoding = 4; lastKnownFileType = sourcecode.c.c; path = tcutil.c; sourceTree = "<group>"; };
		EFEA07E10FDFF4F900490192 /* tcutil.h */ = {isa = PBXFileReference; fileEncoding = 4; lastKnownFileType = sourcecode.c.h; path = tcutil.h; sourceTree = "<group>"; };
		EFEA07EB0FDFF50B00490192 /* libtokyocabinet.a */ = {isa = PBXFileReference; explicitFileType = archive.ar; includeInIndex = 0; path = libtokyocabinet.a; sourceTree = BUILT_PRODUCTS_DIR; };
		EFEA07F90FDFF53D00490192 /* index.db */ = {isa = PBXFileReference; lastKnownFileType = file; path = index.db; sourceTree = "<group>"; };
		EFEA07FA0FDFF53D00490192 /* word.db */ = {isa = PBXFileReference; lastKnownFileType = file; path = word.db; sourceTree = "<group>"; };
		EFEA08330FDFF61500490192 /* WiktionaryTest.m */ = {isa = PBXFileReference; fileEncoding = 4; lastKnownFileType = sourcecode.c.objc; name = WiktionaryTest.m; path = Tests/WiktionaryTest.m; sourceTree = "<group>"; };
/* End PBXFileReference section */

/* Begin PBXFrameworksBuildPhase section */
		1D60588F0D05DD3D006BFB54 /* Frameworks */ = {
			isa = PBXFrameworksBuildPhase;
			buildActionMask = 2147483647;
			files = (
				1D60589F0D05DD5A006BFB54 /* Foundation.framework in Frameworks */,
				1DF5F4E00D08C38300B7A737 /* UIKit.framework in Frameworks */,
				288765FD0DF74451002DB57D /* CoreGraphics.framework in Frameworks */,
				EFEA07F50FDFF52400490192 /* libtokyocabinet.a in Frameworks */,
				EF2E75280FE9B856008B8AEC /* libsqlite3.dylib in Frameworks */,
			);
			runOnlyForDeploymentPostprocessing = 0;
		};
		EFBF4A150FE001900092357C /* Frameworks */ = {
			isa = PBXFrameworksBuildPhase;
			buildActionMask = 2147483647;
			files = (
				EFBF4A1D0FE001980092357C /* libtokyocabinet.a in Frameworks */,
				EF2E744A0FE866BE008B8AEC /* libsqlite3.dylib in Frameworks */,
			);
			runOnlyForDeploymentPostprocessing = 0;
		};
		EFEA07E90FDFF50B00490192 /* Frameworks */ = {
			isa = PBXFrameworksBuildPhase;
			buildActionMask = 2147483647;
			files = (
			);
			runOnlyForDeploymentPostprocessing = 0;
		};
/* End PBXFrameworksBuildPhase section */

/* Begin PBXGroup section */
		080E96DDFE201D6D7F000001 /* Models */ = {
			isa = PBXGroup;
			children = (
				EF2E74D10FE9B2F9008B8AEC /* Card.h */,
				EF2E74D20FE9B2F9008B8AEC /* Card.m */,
				EFEA07CA0FDFF4EA00490192 /* Wiktionary.h */,
				EFEA07CB0FDFF4EA00490192 /* Wiktionary.m */,
				EFEA07CC0FDFF4EA00490192 /* WordEntry.h */,
				EFEA07CD0FDFF4EA00490192 /* WordEntry.m */,
				EFEA07CE0FDFF4EA00490192 /* WordIndex.h */,
				EFEA07CF0FDFF4EA00490192 /* WordIndex.m */,
			);
			name = Models;
			path = Classes;
			sourceTree = "<group>";
		};
		19C28FACFE9D520D11CA2CBB /* Products */ = {
			isa = PBXGroup;
			children = (
				1D6058910D05DD3D006BFB54 /* RDict.app */,
				EFEA07EB0FDFF50B00490192 /* libtokyocabinet.a */,
				EFBF4A170FE001900092357C /* UnitTests.app */,
			);
			name = Products;
			sourceTree = "<group>";
		};
		29B97314FDCFA39411CA2CEA /* CustomTemplate */ = {
			isa = PBXGroup;
			children = (
				EFBF4A780FE003650092357C /* Controllers */,
				080E96DDFE201D6D7F000001 /* Models */,
				EFEA08320FDFF5FA00490192 /* Tests */,
				29B97315FDCFA39411CA2CEA /* Other Sources */,
				29B97317FDCFA39411CA2CEA /* Resources */,
				29B97323FDCFA39411CA2CEA /* Frameworks */,
				19C28FACFE9D520D11CA2CBB /* Products */,
			);
			name = CustomTemplate;
			sourceTree = "<group>";
		};
		29B97315FDCFA39411CA2CEA /* Other Sources */ = {
			isa = PBXGroup;
			children = (
				EF2E748E0FE9B2B8008B8AEC /* sqlitepersistentobjects */,
				EF8D0B350FDFFFE800B093EB /* GTM */,
				EFEA07D70FDFF4F900490192 /* tokyocabinet */,
				32CA4F630368D1EE00C91783 /* RDict_Prefix.pch */,
				29B97316FDCFA39411CA2CEA /* main.m */,
			);
			name = "Other Sources";
			sourceTree = "<group>";
		};
		29B97317FDCFA39411CA2CEA /* Resources */ = {
			isa = PBXGroup;
			children = (
				EF770E830FF754D900889749 /* jquery-1.3.2.js */,
				EF2E75480FE9BBB0008B8AEC /* dictionary_view.html */,
				EF2E754A0FE9BBB0008B8AEC /* jquery-1.3.2.min.js */,
				EF2E754B0FE9BBB0008B8AEC /* MainWindow.xib */,
				EF2E754C0FE9BBB0008B8AEC /* RDict-Info.plist */,
				EF2E754F0FE9BBB0008B8AEC /* UnitTests-Info.plist */,
				EFEA07F80FDFF53D00490192 /* enwiktionary-small.db */,
			);
			name = Resources;
			sourceTree = "<group>";
		};
		29B97323FDCFA39411CA2CEA /* Frameworks */ = {
			isa = PBXGroup;
			children = (
				EF2E73170FE86454008B8AEC /* libsqlite3.dylib */,
				1DF5F4DF0D08C38300B7A737 /* UIKit.framework */,
				1D30AB110D05D00D00671497 /* Foundation.framework */,
				288765FC0DF74451002DB57D /* CoreGraphics.framework */,
			);
			name = Frameworks;
			sourceTree = "<group>";
		};
		EF2E748E0FE9B2B8008B8AEC /* sqlitepersistentobjects */ = {
			isa = PBXGroup;
			children = (
				EF2E748F0FE9B2B8008B8AEC /* NSData-SQLitePersistence.h */,
				EF2E74900FE9B2B8008B8AEC /* NSData-SQLitePersistence.m */,
				EF2E74910FE9B2B8008B8AEC /* NSDate-SQLitePersistence.h */,
				EF2E74920FE9B2B8008B8AEC /* NSDate-SQLitePersistence.m */,
				EF2E74930FE9B2B8008B8AEC /* NSMutableArray-MultipleSort.h */,
				EF2E74940FE9B2B8008B8AEC /* NSMutableArray-MultipleSort.m */,
				EF2E74950FE9B2B8008B8AEC /* NSMutableData-SQLitePersistence.h */,
				EF2E74960FE9B2B8008B8AEC /* NSMutableData-SQLitePersistence.m */,
				EF2E74970FE9B2B8008B8AEC /* NSNumber-SQLitePersistence.h */,
				EF2E74980FE9B2B8008B8AEC /* NSNumber-SQLitePersistence.m */,
				EF2E74990FE9B2B8008B8AEC /* NSObject-ClassName.h */,
				EF2E749A0FE9B2B8008B8AEC /* NSObject-ClassName.m */,
				EF2E749B0FE9B2B8008B8AEC /* NSObject-MissingKV.h */,
				EF2E749C0FE9B2B8008B8AEC /* NSObject-MissingKV.m */,
				EF2E749D0FE9B2B8008B8AEC /* NSObject-SQLitePersistence.h */,
				EF2E749E0FE9B2B8008B8AEC /* NSObject-SQLitePersistence.m */,
				EF2E749F0FE9B2B8008B8AEC /* NSString-NumberStuff.h */,
				EF2E74A00FE9B2B8008B8AEC /* NSString-NumberStuff.m */,
				EF2E74A10FE9B2B8008B8AEC /* NSString-SQLiteColumnName.h */,
				EF2E74A20FE9B2B8008B8AEC /* NSString-SQLiteColumnName.m */,
				EF2E74A30FE9B2B8008B8AEC /* NSString-SQLitePersistence.h */,
				EF2E74A40FE9B2B8008B8AEC /* NSString-SQLitePersistence.m */,
				EF2E74A50FE9B2B8008B8AEC /* NSString-UppercaseFirst.h */,
				EF2E74A60FE9B2B8008B8AEC /* NSString-UppercaseFirst.m */,
				EF2E74A70FE9B2B9008B8AEC /* SQLiteInstanceManager.h */,
				EF2E74A80FE9B2B9008B8AEC /* SQLiteInstanceManager.m */,
				EF2E74A90FE9B2B9008B8AEC /* SQLitePersistentObject.h */,
				EF2E74AA0FE9B2B9008B8AEC /* SQLitePersistentObject.m */,
				EF2E74AB0FE9B2B9008B8AEC /* UIColor-SQLitePersistentObject.h */,
				EF2E74AC0FE9B2B9008B8AEC /* UIColor-SQLitePersistentObject.m */,
				EF2E74AD0FE9B2B9008B8AEC /* UIImage-SQLitePersistence.h */,
				EF2E74AE0FE9B2B9008B8AEC /* UIImage-SQLitePersistence.m */,
			);
			path = sqlitepersistentobjects;
			sourceTree = "<group>";
		};
		EF7CB7E10FF11C3F005B7FCD /* Dictionary */ = {
			isa = PBXGroup;
			children = (
				EF2E754E0FE9BBB0008B8AEC /* SearchView.xib */,
				EF2E75490FE9BBB0008B8AEC /* DictionaryView.xib */,
				EFEA07C80FDFF4EA00490192 /* SearchViewController.h */,
				EFEA07C90FDFF4EA00490192 /* SearchViewController.m */,
				EFEA07C40FDFF4EA00490192 /* DictionaryViewController.h */,
				EFEA07C50FDFF4EA00490192 /* DictionaryViewController.m */,
			);
			name = Dictionary;
			sourceTree = "<group>";
		};
		EF7CB7E20FF11C53005B7FCD /* Review */ = {
			isa = PBXGroup;
			children = (
				EF2E754D0FE9BBB0008B8AEC /* ReviewView.xib */,
				EF7CB7E90FF11DAB005B7FCD /* ReviewSessionView.xib */,
				EF2E75470FE9BBB0008B8AEC /* CardFrontView.xib */,
				EF2E75670FE9BFCA008B8AEC /* CardBackView.xib */,
				EFEA07C60FDFF4EA00490192 /* ReviewViewController.h */,
				EFEA07C70FDFF4EA00490192 /* ReviewViewController.m */,
				EF7CB7C90FF11BAE005B7FCD /* ReviewSessionController.h */,
				EF7CB7CA0FF11BAE005B7FCD /* ReviewSessionController.m */,
				EF50C95B0FF6225F003F7CAD /* CardFrontViewController.h */,
				EF50C95C0FF6225F003F7CAD /* CardFrontViewController.m */,
				EF50C95E0FF62267003F7CAD /* CardBackViewController.h */,
				EF50C95F0FF62267003F7CAD /* CardBackViewController.m */,
			);
			name = Review;
			sourceTree = "<group>";
		};
		EF8D0B350FDFFFE800B093EB /* GTM */ = {
			isa = PBXGroup;
			children = (
				EF8D0B360FDFFFE800B093EB /* GTMIPhoneUnitTestDelegate.h */,
				EF8D0B370FDFFFE800B093EB /* GTMIPhoneUnitTestDelegate.m */,
				EF8D0B380FDFFFE800B093EB /* GTMIPhoneUnitTestMain.m */,
				EF8D0B390FDFFFE800B093EB /* GTMSenTestCase.h */,
				EF8D0B3A0FDFFFE800B093EB /* GTMSenTestCase.m */,
				EF8D0B3B0FDFFFE800B093EB /* GTMDefines.h */,
			);
			name = GTM;
			sourceTree = "<group>";
		};
		EFBF4A780FE003650092357C /* Controllers */ = {
			isa = PBXGroup;
			children = (
				EF7CB7E10FF11C3F005B7FCD /* Dictionary */,
				EF7CB7E20FF11C53005B7FCD /* Review */,
				1D3623240D0F684500981E51 /* RDictAppDelegate.h */,
				1D3623250D0F684500981E51 /* RDictAppDelegate.m */,
			);
			name = Controllers;
			sourceTree = "<group>";
		};
		EFEA07D70FDFF4F900490192 /* tokyocabinet */ = {
			isa = PBXGroup;
			children = (
				EFEA07D80FDFF4F900490192 /* md5.c */,
				EFEA07D90FDFF4F900490192 /* md5.h */,
				EFEA07DA0FDFF4F900490192 /* myconf.c */,
				EFEA07DB0FDFF4F900490192 /* myconf.h */,
				EFEA07DC0FDFF4F900490192 /* tcbdb.c */,
				EFEA07DD0FDFF4F900490192 /* tcbdb.h */,
				EFEA07DE0FDFF4F900490192 /* tchdb.c */,
				EFEA07DF0FDFF4F900490192 /* tchdb.h */,
				EFEA07E00FDFF4F900490192 /* tcutil.c */,
				EFEA07E10FDFF4F900490192 /* tcutil.h */,
			);
			path = tokyocabinet;
			sourceTree = "<group>";
		};
		EFEA07F80FDFF53D00490192 /* enwiktionary-small.db */ = {
			isa = PBXGroup;
			children = (
				EFEA07F90FDFF53D00490192 /* index.db */,
				EFEA07FA0FDFF53D00490192 /* word.db */,
			);
			path = "enwiktionary-small.db";
			sourceTree = "<group>";
		};
		EFEA08320FDFF5FA00490192 /* Tests */ = {
			isa = PBXGroup;
			children = (
				EF2E74CF0FE9B2E1008B8AEC /* CardPersistenceTest.m */,
				EFEA08330FDFF61500490192 /* WiktionaryTest.m */,
			);
			name = Tests;
			sourceTree = "<group>";
		};
/* End PBXGroup section */

/* Begin PBXHeadersBuildPhase section */
		EFEA07E70FDFF50B00490192 /* Headers */ = {
			isa = PBXHeadersBuildPhase;
			buildActionMask = 2147483647;
			files = (
			);
			runOnlyForDeploymentPostprocessing = 0;
		};
/* End PBXHeadersBuildPhase section */

/* Begin PBXNativeTarget section */
		1D6058900D05DD3D006BFB54 /* RDict */ = {
			isa = PBXNativeTarget;
			buildConfigurationList = 1D6058960D05DD3E006BFB54 /* Build configuration list for PBXNativeTarget "RDict" */;
			buildPhases = (
				1D60588D0D05DD3D006BFB54 /* Resources */,
				1D60588E0D05DD3D006BFB54 /* Sources */,
				1D60588F0D05DD3D006BFB54 /* Frameworks */,
			);
			buildRules = (
			);
			dependencies = (
				EFEA07F40FDFF51D00490192 /* PBXTargetDependency */,
				EF6D9EFD0FE564D30096BA53 /* PBXTargetDependency */,
			);
			name = RDict;
			productName = RDict;
			productReference = 1D6058910D05DD3D006BFB54 /* RDict.app */;
			productType = "com.apple.product-type.application";
		};
		EFBF4A160FE001900092357C /* UnitTests */ = {
			isa = PBXNativeTarget;
			buildConfigurationList = EFBF4A1C0FE001900092357C /* Build configuration list for PBXNativeTarget "UnitTests" */;
			buildPhases = (
				EFBF4A130FE001900092357C /* Resources */,
				EFBF4A140FE001900092357C /* Sources */,
				EFBF4A150FE001900092357C /* Frameworks */,
				EF6D9EAD0FE5620E0096BA53 /* ShellScript */,
			);
			buildRules = (
			);
			dependencies = (
				EFBF4A1F0FE001A10092357C /* PBXTargetDependency */,
			);
			name = UnitTests;
			productName = UnitTests;
			productReference = EFBF4A170FE001900092357C /* UnitTests.app */;
			productType = "com.apple.product-type.application";
		};
		EFEA07EA0FDFF50B00490192 /* tokyocabinet */ = {
			isa = PBXNativeTarget;
			buildConfigurationList = EFEA08020FDFF53D00490192 /* Build configuration list for PBXNativeTarget "tokyocabinet" */;
			buildPhases = (
				EFEA07E70FDFF50B00490192 /* Headers */,
				EFEA07E80FDFF50B00490192 /* Sources */,
				EFEA07E90FDFF50B00490192 /* Frameworks */,
			);
			buildRules = (
			);
			dependencies = (
			);
			name = tokyocabinet;
			productName = tokyocabinet;
			productReference = EFEA07EB0FDFF50B00490192 /* libtokyocabinet.a */;
			productType = "com.apple.product-type.library.static";
		};
/* End PBXNativeTarget section */

/* Begin PBXProject section */
		29B97313FDCFA39411CA2CEA /* Project object */ = {
			isa = PBXProject;
			buildConfigurationList = C01FCF4E08A954540054247B /* Build configuration list for PBXProject "RDict" */;
			compatibilityVersion = "Xcode 3.1";
			hasScannedForEncodings = 1;
			mainGroup = 29B97314FDCFA39411CA2CEA /* CustomTemplate */;
			projectDirPath = "";
			projectRoot = "";
			targets = (
				1D6058900D05DD3D006BFB54 /* RDict */,
				EFBF4A160FE001900092357C /* UnitTests */,
				EFEA07EA0FDFF50B00490192 /* tokyocabinet */,
			);
		};
/* End PBXProject section */

/* Begin PBXResourcesBuildPhase section */
		1D60588D0D05DD3D006BFB54 /* Resources */ = {
			isa = PBXResourcesBuildPhase;
			buildActionMask = 2147483647;
			files = (
				EF2E75510FE9BBB0008B8AEC /* dictionary_view.html in Resources */,
				EF2E75530FE9BBB0008B8AEC /* jquery-1.3.2.min.js in Resources */,
				EF770E840FF754D900889749 /* jquery-1.3.2.js in Resources */,
				EF2E75550FE9BBB0008B8AEC /* RDict-Info.plist in Resources */,
				EFEA07FE0FDFF53D00490192 /* index.db in Resources */,
				EFEA07FF0FDFF53D00490192 /* word.db in Resources */,
				EF2E75500FE9BBB0008B8AEC /* CardFrontView.xib in Resources */,
				EF2E75520FE9BBB0008B8AEC /* DictionaryView.xib in Resources */,
				EF2E75540FE9BBB0008B8AEC /* MainWindow.xib in Resources */,
				EF2E75560FE9BBB0008B8AEC /* ReviewView.xib in Resources */,
				EF2E75570FE9BBB0008B8AEC /* SearchView.xib in Resources */,
				EF2E75680FE9BFCA008B8AEC /* CardBackView.xib in Resources */,
				EF7CB7EA0FF11DAB005B7FCD /* ReviewSessionView.xib in Resources */,
			);
			runOnlyForDeploymentPostprocessing = 0;
		};
		EFBF4A130FE001900092357C /* Resources */ = {
			isa = PBXResourcesBuildPhase;
			buildActionMask = 2147483647;
			files = (
				EF1FAF4D0FEE87CE0085BB49 /* UnitTests-Info.plist in Resources */,
				EFBF4A3C0FE002500092357C /* index.db in Resources */,
				EFBF4A3D0FE002500092357C /* word.db in Resources */,
				EF2E75590FE9BBBB008B8AEC /* dictionary_view.html in Resources */,
			);
			runOnlyForDeploymentPostprocessing = 0;
		};
/* End PBXResourcesBuildPhase section */

/* Begin PBXShellScriptBuildPhase section */
		EF6D9EAD0FE5620E0096BA53 /* ShellScript */ = {
			isa = PBXShellScriptBuildPhase;
			buildActionMask = 2147483647;
			files = (
			);
			inputPaths = (
			);
			outputPaths = (
			);
			runOnlyForDeploymentPostprocessing = 0;
			shellPath = /bin/sh;
			shellScript = "/Developer/Extras/google-toolbox-for-mac-1-5-1/UnitTesting/RunIPhoneUnitTest.sh";
		};
/* End PBXShellScriptBuildPhase section */

/* Begin PBXSourcesBuildPhase section */
		1D60588E0D05DD3D006BFB54 /* Sources */ = {
			isa = PBXSourcesBuildPhase;
			buildActionMask = 2147483647;
			files = (
				1D60589B0D05DD56006BFB54 /* main.m in Sources */,
				1D3623260D0F684500981E51 /* RDictAppDelegate.m in Sources */,
				EFEA07D00FDFF4EA00490192 /* DictionaryViewController.m in Sources */,
				EFEA07D10FDFF4EA00490192 /* ReviewViewController.m in Sources */,
				EFEA07D20FDFF4EA00490192 /* SearchViewController.m in Sources */,
				EFEA07D30FDFF4EA00490192 /* Wiktionary.m in Sources */,
				EFEA07D40FDFF4EA00490192 /* WordEntry.m in Sources */,
				EFEA07D50FDFF4EA00490192 /* WordIndex.m in Sources */,
				EF2E74BF0FE9B2B9008B8AEC /* NSData-SQLitePersistence.m in Sources */,
				EF2E74C00FE9B2B9008B8AEC /* NSDate-SQLitePersistence.m in Sources */,
				EF2E74C10FE9B2B9008B8AEC /* NSMutableArray-MultipleSort.m in Sources */,
				EF2E74C20FE9B2B9008B8AEC /* NSMutableData-SQLitePersistence.m in Sources */,
				EF2E74C30FE9B2B9008B8AEC /* NSNumber-SQLitePersistence.m in Sources */,
				EF2E74C40FE9B2B9008B8AEC /* NSObject-ClassName.m in Sources */,
				EF2E74C50FE9B2B9008B8AEC /* NSObject-MissingKV.m in Sources */,
				EF2E74C60FE9B2B9008B8AEC /* NSObject-SQLitePersistence.m in Sources */,
				EF2E74C70FE9B2B9008B8AEC /* NSString-NumberStuff.m in Sources */,
				EF2E74C80FE9B2B9008B8AEC /* NSString-SQLiteColumnName.m in Sources */,
				EF2E74C90FE9B2B9008B8AEC /* NSString-SQLitePersistence.m in Sources */,
				EF2E74CA0FE9B2B9008B8AEC /* NSString-UppercaseFirst.m in Sources */,
				EF2E74CB0FE9B2B9008B8AEC /* SQLiteInstanceManager.m in Sources */,
				EF2E74CC0FE9B2B9008B8AEC /* SQLitePersistentObject.m in Sources */,
				EF2E74CD0FE9B2B9008B8AEC /* UIColor-SQLitePersistentObject.m in Sources */,
				EF2E74CE0FE9B2B9008B8AEC /* UIImage-SQLitePersistence.m in Sources */,
				EF2E74D40FE9B2F9008B8AEC /* Card.m in Sources */,
				EF7CB7CC0FF11BAE005B7FCD /* ReviewSessionController.m in Sources */,
				EF50C95D0FF6225F003F7CAD /* CardFrontViewController.m in Sources */,
				EF50C9600FF62267003F7CAD /* CardBackViewController.m in Sources */,
			);
			runOnlyForDeploymentPostprocessing = 0;
		};
		EFBF4A140FE001900092357C /* Sources */ = {
			isa = PBXSourcesBuildPhase;
			buildActionMask = 2147483647;
			files = (
				EFBF4A200FE001AB0092357C /* GTMIPhoneUnitTestDelegate.m in Sources */,
				EFBF4A210FE001AB0092357C /* GTMIPhoneUnitTestMain.m in Sources */,
				EFBF4A220FE001AB0092357C /* GTMSenTestCase.m in Sources */,
				EFBF4A230FE001AB0092357C /* WiktionaryTest.m in Sources */,
				EFBF4A2B0FE001DA0092357C /* Wiktionary.m in Sources */,
				EFBF4A2C0FE001DA0092357C /* WordEntry.m in Sources */,
				EFBF4A2D0FE001DA0092357C /* WordIndex.m in Sources */,
				EF2E74AF0FE9B2B9008B8AEC /* NSData-SQLitePersistence.m in Sources */,
				EF2E74B00FE9B2B9008B8AEC /* NSDate-SQLitePersistence.m in Sources */,
				EF2E74B10FE9B2B9008B8AEC /* NSMutableArray-MultipleSort.m in Sources */,
				EF2E74B20FE9B2B9008B8AEC /* NSMutableData-SQLitePersistence.m in Sources */,
				EF2E74B30FE9B2B9008B8AEC /* NSNumber-SQLitePersistence.m in Sources */,
				EF2E74B40FE9B2B9008B8AEC /* NSObject-ClassName.m in Sources */,
				EF2E74B50FE9B2B9008B8AEC /* NSObject-MissingKV.m in Sources */,
				EF2E74B60FE9B2B9008B8AEC /* NSObject-SQLitePersistence.m in Sources */,
				EF2E74B70FE9B2B9008B8AEC /* NSString-NumberStuff.m in Sources */,
				EF2E74B80FE9B2B9008B8AEC /* NSString-SQLiteColumnName.m in Sources */,
				EF2E74B90FE9B2B9008B8AEC /* NSString-SQLitePersistence.m in Sources */,
				EF2E74BA0FE9B2B9008B8AEC /* NSString-UppercaseFirst.m in Sources */,
				EF2E74BB0FE9B2B9008B8AEC /* SQLiteInstanceManager.m in Sources */,
				EF2E74BC0FE9B2B9008B8AEC /* SQLitePersistentObject.m in Sources */,
				EF2E74BD0FE9B2B9008B8AEC /* UIColor-SQLitePersistentObject.m in Sources */,
				EF2E74BE0FE9B2B9008B8AEC /* UIImage-SQLitePersistence.m in Sources */,
				EF2E74D00FE9B2E1008B8AEC /* CardPersistenceTest.m in Sources */,
				EF2E74D30FE9B2F9008B8AEC /* Card.m in Sources */,
			);
			runOnlyForDeploymentPostprocessing = 0;
		};
		EFEA07E80FDFF50B00490192 /* Sources */ = {
			isa = PBXSourcesBuildPhase;
			buildActionMask = 2147483647;
			files = (
				EFEA07EE0FDFF51700490192 /* myconf.c in Sources */,
				EFEA07EF0FDFF51700490192 /* tchdb.c in Sources */,
				EFEA07F00FDFF51700490192 /* tcutil.c in Sources */,
				EFEA07F10FDFF51700490192 /* tcbdb.c in Sources */,
				EFEA07F20FDFF51700490192 /* md5.c in Sources */,
			);
			runOnlyForDeploymentPostprocessing = 0;
		};
/* End PBXSourcesBuildPhase section */

/* Begin PBXTargetDependency section */
		EF6D9EFD0FE564D30096BA53 /* PBXTargetDependency */ = {
			isa = PBXTargetDependency;
			target = EFBF4A160FE001900092357C /* UnitTests */;
			targetProxy = EF6D9EFC0FE564D30096BA53 /* PBXContainerItemProxy */;
		};
		EFBF4A1F0FE001A10092357C /* PBXTargetDependency */ = {
			isa = PBXTargetDependency;
			target = EFEA07EA0FDFF50B00490192 /* tokyocabinet */;
			targetProxy = EFBF4A1E0FE001A10092357C /* PBXContainerItemProxy */;
		};
		EFEA07F40FDFF51D00490192 /* PBXTargetDependency */ = {
			isa = PBXTargetDependency;
			target = EFEA07EA0FDFF50B00490192 /* tokyocabinet */;
			targetProxy = EFEA07F30FDFF51D00490192 /* PBXContainerItemProxy */;
		};
/* End PBXTargetDependency section */

/* Begin XCBuildConfiguration section */
		1D6058940D05DD3E006BFB54 /* Debug */ = {
			isa = XCBuildConfiguration;
			buildSettings = {
				ALWAYS_SEARCH_USER_PATHS = NO;
				COPY_PHASE_STRIP = NO;
				GCC_DYNAMIC_NO_PIC = NO;
				GCC_OPTIMIZATION_LEVEL = 0;
				GCC_PRECOMPILE_PREFIX_HEADER = YES;
				GCC_PREFIX_HEADER = RDict_Prefix.pch;
				INFOPLIST_FILE = "RDict-Info.plist";
				LIBRARY_SEARCH_PATHS = (
					"$(inherited)",
					"\"$(SRCROOT)/build/Debug-iphonesimulator\"",
				);
				PRODUCT_NAME = RDict;
			};
			name = Debug;
		};
		1D6058950D05DD3E006BFB54 /* Release */ = {
			isa = XCBuildConfiguration;
			buildSettings = {
				ALWAYS_SEARCH_USER_PATHS = NO;
				COPY_PHASE_STRIP = YES;
				GCC_PRECOMPILE_PREFIX_HEADER = YES;
				GCC_PREFIX_HEADER = RDict_Prefix.pch;
				INFOPLIST_FILE = "RDict-Info.plist";
				LIBRARY_SEARCH_PATHS = (
					"$(inherited)",
					"\"$(SRCROOT)/build/Debug-iphonesimulator\"",
				);
				PRODUCT_NAME = RDict;
			};
			name = Release;
		};
		C01FCF4F08A954540054247B /* Debug */ = {
			isa = XCBuildConfiguration;
			buildSettings = {
				ARCHS = "$(ARCHS_STANDARD_32_BIT)";
				"CODE_SIGN_IDENTITY[sdk=iphoneos*]" = "iPhone Developer: Jaewoo Kim (Z7LT8K8Q6B)";
				GCC_C_LANGUAGE_STANDARD = c99;
				GCC_WARN_ABOUT_RETURN_TYPE = YES;
				GCC_WARN_UNUSED_VARIABLE = YES;
				PREBINDING = NO;
				"PROVISIONING_PROFILE[sdk=iphoneos*]" = "361DD042-4B7D-4421-855C-0E2440D6414D";
				SDKROOT = iphoneos3.0;
			};
			name = Debug;
		};
		C01FCF5008A954540054247B /* Release */ = {
			isa = XCBuildConfiguration;
			buildSettings = {
				ARCHS = "$(ARCHS_STANDARD_32_BIT)";
				"CODE_SIGN_IDENTITY[sdk=iphoneos*]" = "iPhone Developer: Jaewoo Kim (Z7LT8K8Q6B)";
				GCC_C_LANGUAGE_STANDARD = c99;
				GCC_WARN_ABOUT_RETURN_TYPE = YES;
				GCC_WARN_UNUSED_VARIABLE = YES;
				PREBINDING = NO;
				"PROVISIONING_PROFILE[sdk=iphoneos*]" = "361DD042-4B7D-4421-855C-0E2440D6414D";
				SDKROOT = iphoneos3.0;
			};
			name = Release;
		};
		EFBF4A1A0FE001900092357C /* Debug */ = {
			isa = XCBuildConfiguration;
			buildSettings = {
				ALWAYS_SEARCH_USER_PATHS = NO;
				CODE_SIGN_IDENTITY = "iPhone Developer";
				COPY_PHASE_STRIP = NO;
				GCC_DYNAMIC_NO_PIC = NO;
				GCC_OPTIMIZATION_LEVEL = 0;
				GCC_PRECOMPILE_PREFIX_HEADER = YES;
				GCC_PREFIX_HEADER = "$(SYSTEM_LIBRARY_DIR)/Frameworks/UIKit.framework/Headers/UIKit.h";
				INFOPLIST_FILE = "UnitTests-Info.plist";
				INSTALL_PATH = "$(HOME)/Applications";
				LIBRARY_SEARCH_PATHS = (
					"$(inherited)",
					"\"$(SRCROOT)/build/Debug-iphonesimulator\"",
				);
				OTHER_LDFLAGS = (
					"-framework",
					Foundation,
					"-framework",
					UIKit,
				);
				PREBINDING = NO;
				PRODUCT_NAME = UnitTests;
				SDKROOT = iphoneos3.0;
			};
			name = Debug;
		};
		EFBF4A1B0FE001900092357C /* Release */ = {
			isa = XCBuildConfiguration;
			buildSettings = {
				ALWAYS_SEARCH_USER_PATHS = NO;
				CODE_SIGN_IDENTITY = "iPhone Developer";
				COPY_PHASE_STRIP = YES;
				DEBUG_INFORMATION_FORMAT = "dwarf-with-dsym";
				GCC_ENABLE_FIX_AND_CONTINUE = NO;
				GCC_PRECOMPILE_PREFIX_HEADER = YES;
				GCC_PREFIX_HEADER = "$(SYSTEM_LIBRARY_DIR)/Frameworks/UIKit.framework/Headers/UIKit.h";
				INFOPLIST_FILE = "UnitTests-Info.plist";
				INSTALL_PATH = "$(HOME)/Applications";
				LIBRARY_SEARCH_PATHS = (
					"$(inherited)",
					"\"$(SRCROOT)/build/Debug-iphonesimulator\"",
				);
				OTHER_LDFLAGS = (
					"-framework",
					Foundation,
					"-framework",
					UIKit,
				);
				PREBINDING = NO;
				PRODUCT_NAME = UnitTests;
				SDKROOT = iphoneos3.0;
				ZERO_LINK = NO;
			};
			name = Release;
		};
		EFEA07EC0FDFF50B00490192 /* Debug */ = {
			isa = XCBuildConfiguration;
			buildSettings = {
				ALWAYS_SEARCH_USER_PATHS = NO;
				COPY_PHASE_STRIP = NO;
				GCC_DYNAMIC_NO_PIC = NO;
				GCC_OPTIMIZATION_LEVEL = 0;
				PREBINDING = NO;
				PRODUCT_NAME = tokyocabinet;
			};
			name = Debug;
		};
		EFEA07ED0FDFF50B00490192 /* Release */ = {
			isa = XCBuildConfiguration;
			buildSettings = {
				ALWAYS_SEARCH_USER_PATHS = NO;
				COPY_PHASE_STRIP = YES;
				DEBUG_INFORMATION_FORMAT = "dwarf-with-dsym";
				GCC_ENABLE_FIX_AND_CONTINUE = NO;
				PREBINDING = NO;
				PRODUCT_NAME = tokyocabinet;
				ZERO_LINK = NO;
			};
			name = Release;
		};
/* End XCBuildConfiguration section */

/* Begin XCConfigurationList section */
		1D6058960D05DD3E006BFB54 /* Build configuration list for PBXNativeTarget "RDict" */ = {
			isa = XCConfigurationList;
			buildConfigurations = (
				1D6058940D05DD3E006BFB54 /* Debug */,
				1D6058950D05DD3E006BFB54 /* Release */,
			);
			defaultConfigurationIsVisible = 0;
			defaultConfigurationName = Release;
		};
		C01FCF4E08A954540054247B /* Build configuration list for PBXProject "RDict" */ = {
			isa = XCConfigurationList;
			buildConfigurations = (
				C01FCF4F08A954540054247B /* Debug */,
				C01FCF5008A954540054247B /* Release */,
			);
			defaultConfigurationIsVisible = 0;
			defaultConfigurationName = Release;
		};
		EFBF4A1C0FE001900092357C /* Build configuration list for PBXNativeTarget "UnitTests" */ = {
			isa = XCConfigurationList;
			buildConfigurations = (
				EFBF4A1A0FE001900092357C /* Debug */,
				EFBF4A1B0FE001900092357C /* Release */,
			);
			defaultConfigurationIsVisible = 0;
			defaultConfigurationName = Release;
		};
		EFEA08020FDFF53D00490192 /* Build configuration list for PBXNativeTarget "tokyocabinet" */ = {
			isa = XCConfigurationList;
			buildConfigurations = (
				EFEA07EC0FDFF50B00490192 /* Debug */,
				EFEA07ED0FDFF50B00490192 /* Release */,
			);
			defaultConfigurationIsVisible = 0;
			defaultConfigurationName = Release;
		};
/* End XCConfigurationList section */
	};
	rootObject = 29B97313FDCFA39411CA2CEA /* Project object */;
}
