// !$*UTF8*$!
{
	archiveVersion = 1;
	classes = {
	};
	objectVersion = 45;
	objects = {

/* Begin PBXBuildFile section */
		1D3623260D0F684500981E51 /* RDictAppDelegate.m in Sources */ = {isa = PBXBuildFile; fileRef = 1D3623250D0F684500981E51 /* RDictAppDelegate.m */; };
		1D60589B0D05DD56006BFB54 /* main.m in Sources */ = {isa = PBXBuildFile; fileRef = 29B97316FDCFA39411CA2CEA /* main.m */; };
		1D60589F0D05DD5A006BFB54 /* Foundation.framework in Frameworks */ = {isa = PBXBuildFile; fileRef = 1D30AB110D05D00D00671497 /* Foundation.framework */; };
		1DF5F4E00D08C38300B7A737 /* UIKit.framework in Frameworks */ = {isa = PBXBuildFile; fileRef = 1DF5F4DF0D08C38300B7A737 /* UIKit.framework */; };
		1F0973CD0FBF69B800665994 /* HomeViewController.m in Sources */ = {isa = PBXBuildFile; fileRef = 1F0973CC0FBF69B800665994 /* HomeViewController.m */; };
		1F0973D10FBF6AA600665994 /* DictionaryViewController.m in Sources */ = {isa = PBXBuildFile; fileRef = 1F0973D00FBF6AA600665994 /* DictionaryViewController.m */; };
		1F0973D50FBF6ADD00665994 /* ReviewViewController.m in Sources */ = {isa = PBXBuildFile; fileRef = 1F0973D40FBF6ADD00665994 /* ReviewViewController.m */; };
		1F0974000FBF6C6F00665994 /* HomeView.xib in Resources */ = {isa = PBXBuildFile; fileRef = 1F0973FF0FBF6C6F00665994 /* HomeView.xib */; };
		1F09741D0FBF6D6E00665994 /* DictionaryView.xib in Resources */ = {isa = PBXBuildFile; fileRef = 1F09741C0FBF6D6E00665994 /* DictionaryView.xib */; };
		1F0974200FBF6DA300665994 /* ReviewView.xib in Resources */ = {isa = PBXBuildFile; fileRef = 1F09741F0FBF6DA300665994 /* ReviewView.xib */; };
		1F7D583A0FC5C54F006C1B00 /* CardTestCase.m in Sources */ = {isa = PBXBuildFile; fileRef = 1F50387A0FC0BACC00DBA0B4 /* CardTestCase.m */; };
		1F7D583F0FC5D9B2006C1B00 /* Card.m in Sources */ = {isa = PBXBuildFile; fileRef = 1F50389F0FC0BBF100DBA0B4 /* Card.m */; };
		1F7D58410FC5D9C5006C1B00 /* Card.m in Sources */ = {isa = PBXBuildFile; fileRef = 1F50389F0FC0BBF100DBA0B4 /* Card.m */; };
		1F7D58540FC5DB06006C1B00 /* CardManagerTest.m in Sources */ = {isa = PBXBuildFile; fileRef = 1F7D58530FC5DB06006C1B00 /* CardManagerTest.m */; };
		1F7D58640FC5DC60006C1B00 /* CardManager.m in Sources */ = {isa = PBXBuildFile; fileRef = 1F7D58630FC5DC60006C1B00 /* CardManager.m */; };
		1F7D58650FC5DC60006C1B00 /* CardManager.m in Sources */ = {isa = PBXBuildFile; fileRef = 1F7D58630FC5DC60006C1B00 /* CardManager.m */; };
		1F7D5AA40FC60117006C1B00 /* ORMTestCase.m in Sources */ = {isa = PBXBuildFile; fileRef = 1F7D5AA30FC60117006C1B00 /* ORMTestCase.m */; };
		288765FD0DF74451002DB57D /* CoreGraphics.framework in Frameworks */ = {isa = PBXBuildFile; fileRef = 288765FC0DF74451002DB57D /* CoreGraphics.framework */; };
		28AD733F0D9D9553002E5188 /* MainWindow.xib in Resources */ = {isa = PBXBuildFile; fileRef = 28AD733E0D9D9553002E5188 /* MainWindow.xib */; };
		EF6333270FC5B0E900F72044 /* GTMIPhoneUnitTestDelegate.m in Sources */ = {isa = PBXBuildFile; fileRef = EF6333230FC5B0E900F72044 /* GTMIPhoneUnitTestDelegate.m */; };
		EF6333280FC5B0E900F72044 /* GTMIPhoneUnitTestMain.m in Sources */ = {isa = PBXBuildFile; fileRef = EF6333240FC5B0E900F72044 /* GTMIPhoneUnitTestMain.m */; };
		EF6333290FC5B0E900F72044 /* GTMSenTestCase.m in Sources */ = {isa = PBXBuildFile; fileRef = EF6333260FC5B0E900F72044 /* GTMSenTestCase.m */; };
		EF63333C0FC5B1E300F72044 /* TestSomething.m in Sources */ = {isa = PBXBuildFile; fileRef = 1F0975470FBF7F8300665994 /* TestSomething.m */; };
		EF63337A0FC5B29D00F72044 /* md5.c in Sources */ = {isa = PBXBuildFile; fileRef = EF36EBCB0FC3058A00A575A8 /* md5.c */; };
		EF63337B0FC5B29D00F72044 /* myconf.c in Sources */ = {isa = PBXBuildFile; fileRef = EF36EBCD0FC3058A00A575A8 /* myconf.c */; };
		EF63337C0FC5B29D00F72044 /* tcbdb.c in Sources */ = {isa = PBXBuildFile; fileRef = EF36EBCF0FC3058A00A575A8 /* tcbdb.c */; };
		EF63337D0FC5B29D00F72044 /* tchdb.c in Sources */ = {isa = PBXBuildFile; fileRef = EF36EBD10FC3058A00A575A8 /* tchdb.c */; };
		EF63337E0FC5B29D00F72044 /* tcutil.c in Sources */ = {isa = PBXBuildFile; fileRef = EF36EBD30FC3058A00A575A8 /* tcutil.c */; };
		EF6333A60FC5B33E00F72044 /* libTokyocabinet.a in Frameworks */ = {isa = PBXBuildFile; fileRef = EF6333770FC5B28200F72044 /* libTokyocabinet.a */; };
		EF6333A70FC5B33F00F72044 /* libTokyocabinet.a in Frameworks */ = {isa = PBXBuildFile; fileRef = EF6333770FC5B28200F72044 /* libTokyocabinet.a */; };
/* End PBXBuildFile section */

/* Begin PBXContainerItemProxy section */
		EF6333A10FC5B32400F72044 /* PBXContainerItemProxy */ = {
			isa = PBXContainerItemProxy;
			containerPortal = 29B97313FDCFA39411CA2CEA /* Project object */;
			proxyType = 1;
			remoteGlobalIDString = EF6333760FC5B28200F72044;
			remoteInfo = Tokyocabinet;
		};
		EF6333A30FC5B32C00F72044 /* PBXContainerItemProxy */ = {
			isa = PBXContainerItemProxy;
			containerPortal = 29B97313FDCFA39411CA2CEA /* Project object */;
			proxyType = 1;
			remoteGlobalIDString = EF6333760FC5B28200F72044;
			remoteInfo = Tokyocabinet;
		};
/* End PBXContainerItemProxy section */

/* Begin PBXFileReference section */
		1D30AB110D05D00D00671497 /* Foundation.framework */ = {isa = PBXFileReference; lastKnownFileType = wrapper.framework; name = Foundation.framework; path = System/Library/Frameworks/Foundation.framework; sourceTree = SDKROOT; };
		1D3623240D0F684500981E51 /* RDictAppDelegate.h */ = {isa = PBXFileReference; fileEncoding = 4; lastKnownFileType = sourcecode.c.h; path = RDictAppDelegate.h; sourceTree = "<group>"; };
		1D3623250D0F684500981E51 /* RDictAppDelegate.m */ = {isa = PBXFileReference; fileEncoding = 4; lastKnownFileType = sourcecode.c.objc; path = RDictAppDelegate.m; sourceTree = "<group>"; };
		1D6058910D05DD3D006BFB54 /* RDict.app */ = {isa = PBXFileReference; explicitFileType = wrapper.application; includeInIndex = 0; path = RDict.app; sourceTree = BUILT_PRODUCTS_DIR; };
		1DF5F4DF0D08C38300B7A737 /* UIKit.framework */ = {isa = PBXFileReference; lastKnownFileType = wrapper.framework; name = UIKit.framework; path = System/Library/Frameworks/UIKit.framework; sourceTree = SDKROOT; };
		1F0973CB0FBF69B800665994 /* HomeViewController.h */ = {isa = PBXFileReference; fileEncoding = 4; lastKnownFileType = sourcecode.c.h; path = HomeViewController.h; sourceTree = "<group>"; };
		1F0973CC0FBF69B800665994 /* HomeViewController.m */ = {isa = PBXFileReference; fileEncoding = 4; lastKnownFileType = sourcecode.c.objc; path = HomeViewController.m; sourceTree = "<group>"; };
		1F0973CF0FBF6AA600665994 /* DictionaryViewController.h */ = {isa = PBXFileReference; fileEncoding = 4; lastKnownFileType = sourcecode.c.h; path = DictionaryViewController.h; sourceTree = "<group>"; };
		1F0973D00FBF6AA600665994 /* DictionaryViewController.m */ = {isa = PBXFileReference; fileEncoding = 4; lastKnownFileType = sourcecode.c.objc; path = DictionaryViewController.m; sourceTree = "<group>"; };
		1F0973D30FBF6ADD00665994 /* ReviewViewController.h */ = {isa = PBXFileReference; fileEncoding = 4; lastKnownFileType = sourcecode.c.h; path = ReviewViewController.h; sourceTree = "<group>"; };
		1F0973D40FBF6ADD00665994 /* ReviewViewController.m */ = {isa = PBXFileReference; fileEncoding = 4; lastKnownFileType = sourcecode.c.objc; path = ReviewViewController.m; sourceTree = "<group>"; };
		1F0973FF0FBF6C6F00665994 /* HomeView.xib */ = {isa = PBXFileReference; lastKnownFileType = file.xib; path = HomeView.xib; sourceTree = "<group>"; };
		1F09741C0FBF6D6E00665994 /* DictionaryView.xib */ = {isa = PBXFileReference; lastKnownFileType = file.xib; path = DictionaryView.xib; sourceTree = "<group>"; };
		1F09741F0FBF6DA300665994 /* ReviewView.xib */ = {isa = PBXFileReference; lastKnownFileType = file.xib; path = ReviewView.xib; sourceTree = "<group>"; };
		1F09752D0FBF7D0B00665994 /* Test-Info.plist */ = {isa = PBXFileReference; lastKnownFileType = text.plist.xml; path = "Test-Info.plist"; sourceTree = "<group>"; };
		1F0975470FBF7F8300665994 /* TestSomething.m */ = {isa = PBXFileReference; fileEncoding = 4; lastKnownFileType = sourcecode.c.objc; path = TestSomething.m; sourceTree = "<group>"; };
		1F50387A0FC0BACC00DBA0B4 /* CardTestCase.m */ = {isa = PBXFileReference; fileEncoding = 4; lastKnownFileType = sourcecode.c.objc; path = CardTestCase.m; sourceTree = "<group>"; };
		1F50389E0FC0BBF100DBA0B4 /* Card.h */ = {isa = PBXFileReference; fileEncoding = 4; lastKnownFileType = sourcecode.c.h; path = Card.h; sourceTree = "<group>"; };
		1F50389F0FC0BBF100DBA0B4 /* Card.m */ = {isa = PBXFileReference; fileEncoding = 4; lastKnownFileType = sourcecode.c.objc; path = Card.m; sourceTree = "<group>"; };
		1F7D57EB0FC5C0FD006C1B00 /* Unit Test-Info.plist */ = {isa = PBXFileReference; fileEncoding = 4; lastKnownFileType = text.plist.xml; path = "Unit Test-Info.plist"; sourceTree = "<group>"; };
		1F7D58530FC5DB06006C1B00 /* CardManagerTest.m */ = {isa = PBXFileReference; fileEncoding = 4; lastKnownFileType = sourcecode.c.objc; path = CardManagerTest.m; sourceTree = "<group>"; };
		1F7D58620FC5DC60006C1B00 /* CardManager.h */ = {isa = PBXFileReference; fileEncoding = 4; lastKnownFileType = sourcecode.c.h; path = CardManager.h; sourceTree = "<group>"; };
		1F7D58630FC5DC60006C1B00 /* CardManager.m */ = {isa = PBXFileReference; fileEncoding = 4; lastKnownFileType = sourcecode.c.objc; path = CardManager.m; sourceTree = "<group>"; };
		1F7D5AA30FC60117006C1B00 /* ORMTestCase.m */ = {isa = PBXFileReference; fileEncoding = 4; lastKnownFileType = sourcecode.c.objc; path = ORMTestCase.m; sourceTree = "<group>"; };
		288765FC0DF74451002DB57D /* CoreGraphics.framework */ = {isa = PBXFileReference; lastKnownFileType = wrapper.framework; name = CoreGraphics.framework; path = System/Library/Frameworks/CoreGraphics.framework; sourceTree = SDKROOT; };
		28AD733E0D9D9553002E5188 /* MainWindow.xib */ = {isa = PBXFileReference; lastKnownFileType = file.xib; path = MainWindow.xib; sourceTree = "<group>"; };
		29B97316FDCFA39411CA2CEA /* main.m */ = {isa = PBXFileReference; fileEncoding = 4; lastKnownFileType = sourcecode.c.objc; path = main.m; sourceTree = "<group>"; };
		32CA4F630368D1EE00C91783 /* RDict_Prefix.pch */ = {isa = PBXFileReference; fileEncoding = 4; lastKnownFileType = sourcecode.c.h; path = RDict_Prefix.pch; sourceTree = "<group>"; };
		8D1107310486CEB800E47090 /* Info.plist */ = {isa = PBXFileReference; fileEncoding = 4; lastKnownFileType = text.plist.xml; path = Info.plist; sourceTree = "<group>"; };
		EF36EBCB0FC3058A00A575A8 /* md5.c */ = {isa = PBXFileReference; fileEncoding = 4; lastKnownFileType = sourcecode.c.c; name = md5.c; path = tokyocabinet/md5.c; sourceTree = "<group>"; };
		EF36EBCC0FC3058A00A575A8 /* md5.h */ = {isa = PBXFileReference; fileEncoding = 4; lastKnownFileType = sourcecode.c.h; name = md5.h; path = tokyocabinet/md5.h; sourceTree = "<group>"; };
		EF36EBCD0FC3058A00A575A8 /* myconf.c */ = {isa = PBXFileReference; fileEncoding = 4; lastKnownFileType = sourcecode.c.c; name = myconf.c; path = tokyocabinet/myconf.c; sourceTree = "<group>"; };
		EF36EBCE0FC3058A00A575A8 /* myconf.h */ = {isa = PBXFileReference; fileEncoding = 4; lastKnownFileType = sourcecode.c.h; name = myconf.h; path = tokyocabinet/myconf.h; sourceTree = "<group>"; };
		EF36EBCF0FC3058A00A575A8 /* tcbdb.c */ = {isa = PBXFileReference; fileEncoding = 4; lastKnownFileType = sourcecode.c.c; name = tcbdb.c; path = tokyocabinet/tcbdb.c; sourceTree = "<group>"; };
		EF36EBD00FC3058A00A575A8 /* tcbdb.h */ = {isa = PBXFileReference; fileEncoding = 4; lastKnownFileType = sourcecode.c.h; name = tcbdb.h; path = tokyocabinet/tcbdb.h; sourceTree = "<group>"; };
		EF36EBD10FC3058A00A575A8 /* tchdb.c */ = {isa = PBXFileReference; fileEncoding = 4; lastKnownFileType = sourcecode.c.c; name = tchdb.c; path = tokyocabinet/tchdb.c; sourceTree = "<group>"; };
		EF36EBD20FC3058A00A575A8 /* tchdb.h */ = {isa = PBXFileReference; fileEncoding = 4; lastKnownFileType = sourcecode.c.h; name = tchdb.h; path = tokyocabinet/tchdb.h; sourceTree = "<group>"; };
		EF36EBD30FC3058A00A575A8 /* tcutil.c */ = {isa = PBXFileReference; fileEncoding = 4; lastKnownFileType = sourcecode.c.c; name = tcutil.c; path = tokyocabinet/tcutil.c; sourceTree = "<group>"; };
		EF36EBD40FC3058A00A575A8 /* tcutil.h */ = {isa = PBXFileReference; fileEncoding = 4; lastKnownFileType = sourcecode.c.h; name = tcutil.h; path = tokyocabinet/tcutil.h; sourceTree = "<group>"; };
		EF6333150FC5B04400F72044 /* Unit Test.app */ = {isa = PBXFileReference; explicitFileType = wrapper.application; includeInIndex = 0; path = "Unit Test.app"; sourceTree = BUILT_PRODUCTS_DIR; };
		EF63331F0FC5B0D100F72044 /* GTMDefines.h */ = {isa = PBXFileReference; fileEncoding = 4; lastKnownFileType = sourcecode.c.h; name = GTMDefines.h; path = "Extras/google-toolbox-for-mac-1-5-1/GTMDefines.h"; sourceTree = DEVELOPER_DIR; };
		EF6333220FC5B0E900F72044 /* GTMIPhoneUnitTestDelegate.h */ = {isa = PBXFileReference; fileEncoding = 4; lastKnownFileType = sourcecode.c.h; name = GTMIPhoneUnitTestDelegate.h; path = "Extras/google-toolbox-for-mac-1-5-1/UnitTesting/GTMIPhoneUnitTestDelegate.h"; sourceTree = DEVELOPER_DIR; };
		EF6333230FC5B0E900F72044 /* GTMIPhoneUnitTestDelegate.m */ = {isa = PBXFileReference; fileEncoding = 4; lastKnownFileType = sourcecode.c.objc; name = GTMIPhoneUnitTestDelegate.m; path = "Extras/google-toolbox-for-mac-1-5-1/UnitTesting/GTMIPhoneUnitTestDelegate.m"; sourceTree = DEVELOPER_DIR; };
		EF6333240FC5B0E900F72044 /* GTMIPhoneUnitTestMain.m */ = {isa = PBXFileReference; fileEncoding = 4; lastKnownFileType = sourcecode.c.objc; name = GTMIPhoneUnitTestMain.m; path = "Extras/google-toolbox-for-mac-1-5-1/UnitTesting/GTMIPhoneUnitTestMain.m"; sourceTree = DEVELOPER_DIR; };
		EF6333250FC5B0E900F72044 /* GTMSenTestCase.h */ = {isa = PBXFileReference; fileEncoding = 4; lastKnownFileType = sourcecode.c.h; name = GTMSenTestCase.h; path = "Extras/google-toolbox-for-mac-1-5-1/UnitTesting/GTMSenTestCase.h"; sourceTree = DEVELOPER_DIR; };
		EF6333260FC5B0E900F72044 /* GTMSenTestCase.m */ = {isa = PBXFileReference; fileEncoding = 4; lastKnownFileType = sourcecode.c.objc; name = GTMSenTestCase.m; path = "Extras/google-toolbox-for-mac-1-5-1/UnitTesting/GTMSenTestCase.m"; sourceTree = DEVELOPER_DIR; };
		EF6333770FC5B28200F72044 /* libTokyocabinet.a */ = {isa = PBXFileReference; explicitFileType = archive.ar; includeInIndex = 0; path = libTokyocabinet.a; sourceTree = BUILT_PRODUCTS_DIR; };
/* End PBXFileReference section */

/* Begin PBXFrameworksBuildPhase section */
		1D60588F0D05DD3D006BFB54 /* Frameworks */ = {
			isa = PBXFrameworksBuildPhase;
			buildActionMask = 2147483647;
			files = (
				1D60589F0D05DD5A006BFB54 /* Foundation.framework in Frameworks */,
				1DF5F4E00D08C38300B7A737 /* UIKit.framework in Frameworks */,
				288765FD0DF74451002DB57D /* CoreGraphics.framework in Frameworks */,
				EF6333A70FC5B33F00F72044 /* libTokyocabinet.a in Frameworks */,
			);
			runOnlyForDeploymentPostprocessing = 0;
		};
		EF6333130FC5B04400F72044 /* Frameworks */ = {
			isa = PBXFrameworksBuildPhase;
			buildActionMask = 2147483647;
			files = (
				EF6333A60FC5B33E00F72044 /* libTokyocabinet.a in Frameworks */,
			);
			runOnlyForDeploymentPostprocessing = 0;
		};
		EF6333750FC5B28200F72044 /* Frameworks */ = {
			isa = PBXFrameworksBuildPhase;
			buildActionMask = 2147483647;
			files = (
			);
			runOnlyForDeploymentPostprocessing = 0;
		};
/* End PBXFrameworksBuildPhase section */

/* Begin PBXGroup section */
		080E96DDFE201D6D7F000001 /* Classes */ = {
			isa = PBXGroup;
			children = (
				1F50389D0FC0BBDB00DBA0B4 /* models */,
				1D3623240D0F684500981E51 /* RDictAppDelegate.h */,
				1D3623250D0F684500981E51 /* RDictAppDelegate.m */,
				1F0973CB0FBF69B800665994 /* HomeViewController.h */,
				1F0973CC0FBF69B800665994 /* HomeViewController.m */,
				1F0973CF0FBF6AA600665994 /* DictionaryViewController.h */,
				1F0973D00FBF6AA600665994 /* DictionaryViewController.m */,
				1F0973D30FBF6ADD00665994 /* ReviewViewController.h */,
				1F0973D40FBF6ADD00665994 /* ReviewViewController.m */,
				1F7D58620FC5DC60006C1B00 /* CardManager.h */,
				1F7D58630FC5DC60006C1B00 /* CardManager.m */,
			);
			path = Classes;
			sourceTree = "<group>";
		};
		19C28FACFE9D520D11CA2CBB /* Products */ = {
			isa = PBXGroup;
			children = (
				1F7D57EB0FC5C0FD006C1B00 /* Unit Test-Info.plist */,
				1D6058910D05DD3D006BFB54 /* RDict.app */,
				EF6333150FC5B04400F72044 /* Unit Test.app */,
				EF6333770FC5B28200F72044 /* libTokyocabinet.a */,
			);
			name = Products;
			sourceTree = "<group>";
		};
		1F0975230FBF7BC000665994 /* Tests Cases */ = {
			isa = PBXGroup;
			children = (
				EF63331B0FC5B09700F72044 /* GTM */,
				1F0975470FBF7F8300665994 /* TestSomething.m */,
				1F50387A0FC0BACC00DBA0B4 /* CardTestCase.m */,
				1F7D58530FC5DB06006C1B00 /* CardManagerTest.m */,
				1F7D5AA30FC60117006C1B00 /* ORMTestCase.m */,
			);
			name = "Tests Cases";
			sourceTree = "<group>";
		};
		1F50389D0FC0BBDB00DBA0B4 /* models */ = {
			isa = PBXGroup;
			children = (
				1F50389E0FC0BBF100DBA0B4 /* Card.h */,
				1F50389F0FC0BBF100DBA0B4 /* Card.m */,
			);
			name = models;
			sourceTree = "<group>";
		};
		29B97314FDCFA39411CA2CEA /* CustomTemplate */ = {
			isa = PBXGroup;
			children = (
				1F0975230FBF7BC000665994 /* Tests Cases */,
				080E96DDFE201D6D7F000001 /* Classes */,
				29B97315FDCFA39411CA2CEA /* Other Sources */,
				29B97317FDCFA39411CA2CEA /* Resources */,
				29B97323FDCFA39411CA2CEA /* Frameworks */,
				19C28FACFE9D520D11CA2CBB /* Products */,
				1F09752D0FBF7D0B00665994 /* Test-Info.plist */,
			);
			name = CustomTemplate;
			sourceTree = "<group>";
		};
		29B97315FDCFA39411CA2CEA /* Other Sources */ = {
			isa = PBXGroup;
			children = (
				EF63330D0FC5B01600F72044 /* tokyocabinet */,
				32CA4F630368D1EE00C91783 /* RDict_Prefix.pch */,
				29B97316FDCFA39411CA2CEA /* main.m */,
			);
			name = "Other Sources";
			sourceTree = "<group>";
		};
		29B97317FDCFA39411CA2CEA /* Resources */ = {
			isa = PBXGroup;
			children = (
				28AD733E0D9D9553002E5188 /* MainWindow.xib */,
				8D1107310486CEB800E47090 /* Info.plist */,
				1F0973FF0FBF6C6F00665994 /* HomeView.xib */,
				1F09741C0FBF6D6E00665994 /* DictionaryView.xib */,
				1F09741F0FBF6DA300665994 /* ReviewView.xib */,
			);
			name = Resources;
			sourceTree = "<group>";
		};
		29B97323FDCFA39411CA2CEA /* Frameworks */ = {
			isa = PBXGroup;
			children = (
				1DF5F4DF0D08C38300B7A737 /* UIKit.framework */,
				1D30AB110D05D00D00671497 /* Foundation.framework */,
				288765FC0DF74451002DB57D /* CoreGraphics.framework */,
			);
			name = Frameworks;
			sourceTree = "<group>";
		};
		EF63330D0FC5B01600F72044 /* tokyocabinet */ = {
			isa = PBXGroup;
			children = (
				EF36EBCB0FC3058A00A575A8 /* md5.c */,
				EF36EBCC0FC3058A00A575A8 /* md5.h */,
				EF36EBCD0FC3058A00A575A8 /* myconf.c */,
				EF36EBCE0FC3058A00A575A8 /* myconf.h */,
				EF36EBCF0FC3058A00A575A8 /* tcbdb.c */,
				EF36EBD00FC3058A00A575A8 /* tcbdb.h */,
				EF36EBD10FC3058A00A575A8 /* tchdb.c */,
				EF36EBD20FC3058A00A575A8 /* tchdb.h */,
				EF36EBD30FC3058A00A575A8 /* tcutil.c */,
				EF36EBD40FC3058A00A575A8 /* tcutil.h */,
			);
			name = tokyocabinet;
			sourceTree = "<group>";
		};
		EF63331B0FC5B09700F72044 /* GTM */ = {
			isa = PBXGroup;
			children = (
				EF6333220FC5B0E900F72044 /* GTMIPhoneUnitTestDelegate.h */,
				EF6333230FC5B0E900F72044 /* GTMIPhoneUnitTestDelegate.m */,
				EF6333240FC5B0E900F72044 /* GTMIPhoneUnitTestMain.m */,
				EF6333250FC5B0E900F72044 /* GTMSenTestCase.h */,
				EF6333260FC5B0E900F72044 /* GTMSenTestCase.m */,
				EF63331F0FC5B0D100F72044 /* GTMDefines.h */,
			);
			name = GTM;
			sourceTree = "<group>";
		};
/* End PBXGroup section */

/* Begin PBXHeadersBuildPhase section */
		EF6333730FC5B28200F72044 /* Headers */ = {
			isa = PBXHeadersBuildPhase;
			buildActionMask = 2147483647;
			files = (
			);
			runOnlyForDeploymentPostprocessing = 0;
		};
/* End PBXHeadersBuildPhase section */

/* Begin PBXNativeTarget section */
		1D6058900D05DD3D006BFB54 /* RDict */ = {
			isa = PBXNativeTarget;
			buildConfigurationList = 1D6058960D05DD3E006BFB54 /* Build configuration list for PBXNativeTarget "RDict" */;
			buildPhases = (
				1D60588D0D05DD3D006BFB54 /* Resources */,
				1D60588E0D05DD3D006BFB54 /* Sources */,
				1D60588F0D05DD3D006BFB54 /* Frameworks */,
			);
			buildRules = (
			);
			dependencies = (
				EF6333A20FC5B32400F72044 /* PBXTargetDependency */,
			);
			name = RDict;
			productName = RDict;
			productReference = 1D6058910D05DD3D006BFB54 /* RDict.app */;
			productType = "com.apple.product-type.application";
		};
		EF6333140FC5B04400F72044 /* Unit Test */ = {
			isa = PBXNativeTarget;
			buildConfigurationList = EF63331A0FC5B04500F72044 /* Build configuration list for PBXNativeTarget "Unit Test" */;
			buildPhases = (
				EF6333110FC5B04400F72044 /* Resources */,
				EF6333120FC5B04400F72044 /* Sources */,
				EF6333130FC5B04400F72044 /* Frameworks */,
				EF63332F0FC5B10F00F72044 /* ShellScript */,
			);
			buildRules = (
			);
			dependencies = (
				EF6333A40FC5B32C00F72044 /* PBXTargetDependency */,
			);
			name = "Unit Test";
			productName = "Unit Test";
			productReference = EF6333150FC5B04400F72044 /* Unit Test.app */;
			productType = "com.apple.product-type.application";
		};
		EF6333760FC5B28200F72044 /* Tokyocabinet */ = {
			isa = PBXNativeTarget;
			buildConfigurationList = EF6333990FC5B2A700F72044 /* Build configuration list for PBXNativeTarget "Tokyocabinet" */;
			buildPhases = (
				EF6333730FC5B28200F72044 /* Headers */,
				EF6333740FC5B28200F72044 /* Sources */,
				EF6333750FC5B28200F72044 /* Frameworks */,
			);
			buildRules = (
			);
			dependencies = (
			);
			name = Tokyocabinet;
			productName = Tokyocabinet;
			productReference = EF6333770FC5B28200F72044 /* libTokyocabinet.a */;
			productType = "com.apple.product-type.library.static";
		};
/* End PBXNativeTarget section */

/* Begin PBXProject section */
		29B97313FDCFA39411CA2CEA /* Project object */ = {
			isa = PBXProject;
			buildConfigurationList = C01FCF4E08A954540054247B /* Build configuration list for PBXProject "RDict" */;
			compatibilityVersion = "Xcode 3.1";
			hasScannedForEncodings = 1;
			mainGroup = 29B97314FDCFA39411CA2CEA /* CustomTemplate */;
			projectDirPath = "";
			projectRoot = "";
			targets = (
				1D6058900D05DD3D006BFB54 /* RDict */,
				EF6333140FC5B04400F72044 /* Unit Test */,
				EF6333760FC5B28200F72044 /* Tokyocabinet */,
			);
		};
/* End PBXProject section */

/* Begin PBXResourcesBuildPhase section */
		1D60588D0D05DD3D006BFB54 /* Resources */ = {
			isa = PBXResourcesBuildPhase;
			buildActionMask = 2147483647;
			files = (
				28AD733F0D9D9553002E5188 /* MainWindow.xib in Resources */,
				1F0974000FBF6C6F00665994 /* HomeView.xib in Resources */,
				1F09741D0FBF6D6E00665994 /* DictionaryView.xib in Resources */,
				1F0974200FBF6DA300665994 /* ReviewView.xib in Resources */,
			);
			runOnlyForDeploymentPostprocessing = 0;
		};
		EF6333110FC5B04400F72044 /* Resources */ = {
			isa = PBXResourcesBuildPhase;
			buildActionMask = 2147483647;
			files = (
			);
			runOnlyForDeploymentPostprocessing = 0;
		};
/* End PBXResourcesBuildPhase section */

/* Begin PBXShellScriptBuildPhase section */
		EF63332F0FC5B10F00F72044 /* ShellScript */ = {
			isa = PBXShellScriptBuildPhase;
			buildActionMask = 2147483647;
			files = (
			);
			inputPaths = (
			);
			outputPaths = (
			);
			runOnlyForDeploymentPostprocessing = 0;
			shellPath = /bin/sh;
			shellScript = "/Developer/Extras/google-toolbox-for-mac-1-5-1/UnitTesting/RunIPhoneUnitTest.sh";
		};
/* End PBXShellScriptBuildPhase section */

/* Begin PBXSourcesBuildPhase section */
		1D60588E0D05DD3D006BFB54 /* Sources */ = {
			isa = PBXSourcesBuildPhase;
			buildActionMask = 2147483647;
			files = (
				1F7D583F0FC5D9B2006C1B00 /* Card.m in Sources */,
				1D60589B0D05DD56006BFB54 /* main.m in Sources */,
				1D3623260D0F684500981E51 /* RDictAppDelegate.m in Sources */,
				1F0973CD0FBF69B800665994 /* HomeViewController.m in Sources */,
				1F0973D10FBF6AA600665994 /* DictionaryViewController.m in Sources */,
				1F0973D50FBF6ADD00665994 /* ReviewViewController.m in Sources */,
				1F7D58650FC5DC60006C1B00 /* CardManager.m in Sources */,
			);
			runOnlyForDeploymentPostprocessing = 0;
		};
		EF6333120FC5B04400F72044 /* Sources */ = {
			isa = PBXSourcesBuildPhase;
			buildActionMask = 2147483647;
			files = (
				1F7D58540FC5DB06006C1B00 /* CardManagerTest.m in Sources */,
				1F7D58410FC5D9C5006C1B00 /* Card.m in Sources */,
				EF6333270FC5B0E900F72044 /* GTMIPhoneUnitTestDelegate.m in Sources */,
				EF6333280FC5B0E900F72044 /* GTMIPhoneUnitTestMain.m in Sources */,
				EF6333290FC5B0E900F72044 /* GTMSenTestCase.m in Sources */,
				EF63333C0FC5B1E300F72044 /* TestSomething.m in Sources */,
				1F7D583A0FC5C54F006C1B00 /* CardTestCase.m in Sources */,
				1F7D58640FC5DC60006C1B00 /* CardManager.m in Sources */,
				1F7D5AA40FC60117006C1B00 /* ORMTestCase.m in Sources */,
			);
			runOnlyForDeploymentPostprocessing = 0;
		};
		EF6333740FC5B28200F72044 /* Sources */ = {
			isa = PBXSourcesBuildPhase;
			buildActionMask = 2147483647;
			files = (
				EF63337A0FC5B29D00F72044 /* md5.c in Sources */,
				EF63337B0FC5B29D00F72044 /* myconf.c in Sources */,
				EF63337C0FC5B29D00F72044 /* tcbdb.c in Sources */,
				EF63337D0FC5B29D00F72044 /* tchdb.c in Sources */,
				EF63337E0FC5B29D00F72044 /* tcutil.c in Sources */,
			);
			runOnlyForDeploymentPostprocessing = 0;
		};
/* End PBXSourcesBuildPhase section */

/* Begin PBXTargetDependency section */
		EF6333A20FC5B32400F72044 /* PBXTargetDependency */ = {
			isa = PBXTargetDependency;
			target = EF6333760FC5B28200F72044 /* Tokyocabinet */;
			targetProxy = EF6333A10FC5B32400F72044 /* PBXContainerItemProxy */;
		};
		EF6333A40FC5B32C00F72044 /* PBXTargetDependency */ = {
			isa = PBXTargetDependency;
			target = EF6333760FC5B28200F72044 /* Tokyocabinet */;
			targetProxy = EF6333A30FC5B32C00F72044 /* PBXContainerItemProxy */;
		};
/* End PBXTargetDependency section */

/* Begin XCBuildConfiguration section */
		1D6058940D05DD3E006BFB54 /* Debug */ = {
			isa = XCBuildConfiguration;
			buildSettings = {
				ALWAYS_SEARCH_USER_PATHS = NO;
				COPY_PHASE_STRIP = NO;
				GCC_DYNAMIC_NO_PIC = NO;
				GCC_OPTIMIZATION_LEVEL = 0;
				GCC_PRECOMPILE_PREFIX_HEADER = YES;
				GCC_PREFIX_HEADER = RDict_Prefix.pch;
				HEADER_SEARCH_PATHS = /user/local/tokyocabinet/include;
				INFOPLIST_FILE = Info.plist;
				LIBRARY_SEARCH_PATHS = /user/local/tokyocabinet/lib;
				OTHER_LDFLAGS = (
					"-ltokyocabinet",
					"-lz",
					"-lbz2",
					"-lpthread",
					"-lm",
				);
				PRODUCT_NAME = RDict;
			};
			name = Debug;
		};
		1D6058950D05DD3E006BFB54 /* Release */ = {
			isa = XCBuildConfiguration;
			buildSettings = {
				ALWAYS_SEARCH_USER_PATHS = NO;
				COPY_PHASE_STRIP = YES;
				GCC_PRECOMPILE_PREFIX_HEADER = YES;
				GCC_PREFIX_HEADER = RDict_Prefix.pch;
				INFOPLIST_FILE = Info.plist;
				PRODUCT_NAME = RDict;
			};
			name = Release;
		};
		C01FCF4F08A954540054247B /* Debug */ = {
			isa = XCBuildConfiguration;
			buildSettings = {
				ARCHS = "$(ARCHS_STANDARD_32_BIT)";
				"CODE_SIGN_IDENTITY[sdk=iphoneos*]" = "iPhone Developer";
				GCC_C_LANGUAGE_STANDARD = c99;
				GCC_WARN_ABOUT_RETURN_TYPE = YES;
				GCC_WARN_UNUSED_VARIABLE = YES;
				HEADER_SEARCH_PATHS = usr/local/tokyocabinet/include;
				ONLY_ACTIVE_ARCH = YES;
				OTHER_LDFLAGS = "";
				PREBINDING = NO;
				SDKROOT = iphoneos2.2.1;
			};
			name = Debug;
		};
		C01FCF5008A954540054247B /* Release */ = {
			isa = XCBuildConfiguration;
			buildSettings = {
				ARCHS = "$(ARCHS_STANDARD_32_BIT)";
				"CODE_SIGN_IDENTITY[sdk=iphoneos*]" = "iPhone Developer";
				GCC_C_LANGUAGE_STANDARD = c99;
				GCC_WARN_ABOUT_RETURN_TYPE = YES;
				GCC_WARN_UNUSED_VARIABLE = YES;
				PREBINDING = NO;
				SDKROOT = iphoneos2.2.1;
			};
			name = Release;
		};
		EF6333180FC5B04500F72044 /* Debug */ = {
			isa = XCBuildConfiguration;
			buildSettings = {
				ALWAYS_SEARCH_USER_PATHS = NO;
				CODE_SIGN_IDENTITY = "iPhone Developer";
				COPY_PHASE_STRIP = NO;
				GCC_DYNAMIC_NO_PIC = NO;
				GCC_OPTIMIZATION_LEVEL = 0;
				GCC_PRECOMPILE_PREFIX_HEADER = YES;
				GCC_PREFIX_HEADER = "$(SYSTEM_LIBRARY_DIR)/Frameworks/UIKit.framework/Headers/UIKit.h";
				INFOPLIST_FILE = "Unit Test-Info.plist";
				INSTALL_PATH = "$(HOME)/Applications";
				LIBRARY_SEARCH_PATHS = (
					"$(inherited)",
					"\"$(SRCROOT)/build/Debug-iphonesimulator\"",
				);
				OTHER_LDFLAGS = (
					"-framework",
					Foundation,
					"-framework",
					UIKit,
				);
				PREBINDING = NO;
				PRODUCT_NAME = "Unit Test";
				SDKROOT = iphoneos2.2.1;
			};
			name = Debug;
		};
		EF6333190FC5B04500F72044 /* Release */ = {
			isa = XCBuildConfiguration;
			buildSettings = {
				ALWAYS_SEARCH_USER_PATHS = NO;
				CODE_SIGN_IDENTITY = "iPhone Developer";
				COPY_PHASE_STRIP = YES;
				DEBUG_INFORMATION_FORMAT = "dwarf-with-dsym";
				GCC_ENABLE_FIX_AND_CONTINUE = NO;
				GCC_PRECOMPILE_PREFIX_HEADER = YES;
				GCC_PREFIX_HEADER = "$(SYSTEM_LIBRARY_DIR)/Frameworks/UIKit.framework/Headers/UIKit.h";
				INFOPLIST_FILE = "Unit Test-Info.plist";
				INSTALL_PATH = "$(HOME)/Applications";
				LIBRARY_SEARCH_PATHS = (
					"$(inherited)",
					"\"$(SRCROOT)/build/Debug-iphonesimulator\"",
				);
				OTHER_LDFLAGS = (
					"-framework",
					Foundation,
					"-framework",
					UIKit,
				);
				PREBINDING = NO;
				PRODUCT_NAME = "Unit Test";
				SDKROOT = iphoneos2.2.1;
				ZERO_LINK = NO;
			};
			name = Release;
		};
		EF6333780FC5B28300F72044 /* Debug */ = {
			isa = XCBuildConfiguration;
			buildSettings = {
				ALWAYS_SEARCH_USER_PATHS = NO;
				COPY_PHASE_STRIP = NO;
				GCC_DYNAMIC_NO_PIC = NO;
				GCC_OPTIMIZATION_LEVEL = 0;
				PREBINDING = NO;
				PRODUCT_NAME = Tokyocabinet;
			};
			name = Debug;
		};
		EF6333790FC5B28300F72044 /* Release */ = {
			isa = XCBuildConfiguration;
			buildSettings = {
				ALWAYS_SEARCH_USER_PATHS = NO;
				COPY_PHASE_STRIP = YES;
				DEBUG_INFORMATION_FORMAT = "dwarf-with-dsym";
				GCC_ENABLE_FIX_AND_CONTINUE = NO;
				PREBINDING = NO;
				PRODUCT_NAME = Tokyocabinet;
				ZERO_LINK = NO;
			};
			name = Release;
		};
/* End XCBuildConfiguration section */

/* Begin XCConfigurationList section */
		1D6058960D05DD3E006BFB54 /* Build configuration list for PBXNativeTarget "RDict" */ = {
			isa = XCConfigurationList;
			buildConfigurations = (
				1D6058940D05DD3E006BFB54 /* Debug */,
				1D6058950D05DD3E006BFB54 /* Release */,
			);
			defaultConfigurationIsVisible = 0;
			defaultConfigurationName = Release;
		};
		C01FCF4E08A954540054247B /* Build configuration list for PBXProject "RDict" */ = {
			isa = XCConfigurationList;
			buildConfigurations = (
				C01FCF4F08A954540054247B /* Debug */,
				C01FCF5008A954540054247B /* Release */,
			);
			defaultConfigurationIsVisible = 0;
			defaultConfigurationName = Release;
		};
		EF63331A0FC5B04500F72044 /* Build configuration list for PBXNativeTarget "Unit Test" */ = {
			isa = XCConfigurationList;
			buildConfigurations = (
				EF6333180FC5B04500F72044 /* Debug */,
				EF6333190FC5B04500F72044 /* Release */,
			);
			defaultConfigurationIsVisible = 0;
			defaultConfigurationName = Release;
		};
		EF6333990FC5B2A700F72044 /* Build configuration list for PBXNativeTarget "Tokyocabinet" */ = {
			isa = XCConfigurationList;
			buildConfigurations = (
				EF6333780FC5B28300F72044 /* Debug */,
				EF6333790FC5B28300F72044 /* Release */,
			);
			defaultConfigurationIsVisible = 0;
			defaultConfigurationName = Release;
		};
/* End XCConfigurationList section */
	};
	rootObject = 29B97313FDCFA39411CA2CEA /* Project object */;
}
